// !$*UTF8*$!
{
	archiveVersion = 1;
	classes = {
	};
	objectVersion = 46;
	objects = {

/* Begin PBXBuildFile section */
		A110B61C146D11D10017B77F /* byte_swap.hpp in Headers */ = {isa = PBXBuildFile; fileRef = A1ECC39E146D0B9000124779 /* byte_swap.hpp */; };
		A110B61D146D11D10017B77F /* byte_swap_iterator.hpp in Headers */ = {isa = PBXBuildFile; fileRef = A1ECC39F146D0B9000124779 /* byte_swap_iterator.hpp */; };
		A110B61E146D11D10017B77F /* endian.hpp in Headers */ = {isa = PBXBuildFile; fileRef = A1ECC3A0146D0B9000124779 /* endian.hpp */; };
		A110B61F146D11D10017B77F /* unicode_utilities.hpp in Headers */ = {isa = PBXBuildFile; fileRef = A1ECC3A1146D0B9000124779 /* unicode_utilities.hpp */; };
		A110B620146D11D10017B77F /* unicode_conversions.hpp in Headers */ = {isa = PBXBuildFile; fileRef = A1ECC3A2146D0B9000124779 /* unicode_conversions.hpp */; };
		A110B621146D11D10017B77F /* unicode_detect_bom.hpp in Headers */ = {isa = PBXBuildFile; fileRef = A1ECC3A3146D0B9000124779 /* unicode_detect_bom.hpp */; };
		A110B622146D11D10017B77F /* unicode_iterator.hpp in Headers */ = {isa = PBXBuildFile; fileRef = A1ECC3A4146D0B9000124779 /* unicode_iterator.hpp */; };
		A110B623146D11D10017B77F /* flags.hpp in Headers */ = {isa = PBXBuildFile; fileRef = A1ECC3A6146D0B9000124779 /* flags.hpp */; };
		A110B624146D11D10017B77F /* synchronous_queue.hpp in Headers */ = {isa = PBXBuildFile; fileRef = A1ECC3A7146D0B9000124779 /* synchronous_queue.hpp */; };
		A110B625146D11D10017B77F /* syncqueue_streambuf.hpp in Headers */ = {isa = PBXBuildFile; fileRef = A1ECC3A8146D0B9000124779 /* syncqueue_streambuf.hpp */; };
		A110B626146D11D10017B77F /* istreambuf_iterator.hpp in Headers */ = {isa = PBXBuildFile; fileRef = A1ECC3A9146D0B9000124779 /* istreambuf_iterator.hpp */; };
		A110B627146D11D10017B77F /* string_hasher.hpp in Headers */ = {isa = PBXBuildFile; fileRef = A1ECC3AA146D0B9000124779 /* string_hasher.hpp */; };
		A110B628146D11D10017B77F /* simple_log.hpp in Headers */ = {isa = PBXBuildFile; fileRef = A1ECC3AB146D0B9000124779 /* simple_log.hpp */; };
		A110B629146D11D10017B77F /* number_builder.hpp in Headers */ = {isa = PBXBuildFile; fileRef = A1ECC3AC146D0B9000124779 /* number_builder.hpp */; };
		A110B62A146D11D10017B77F /* string_buffer.hpp in Headers */ = {isa = PBXBuildFile; fileRef = A1ECC3AD146D0B9000124779 /* string_buffer.hpp */; };
		A110B62B146D11D10017B77F /* parser_errors.hpp in Headers */ = {isa = PBXBuildFile; fileRef = A1ECC3B5146D0B9000124779 /* parser_errors.hpp */; };
		A110B62C146D11D10017B77F /* semantic_actions_base.hpp in Headers */ = {isa = PBXBuildFile; fileRef = A1ECC3B6146D0B9000124779 /* semantic_actions_base.hpp */; };
		A110B62D146D11D10017B77F /* semantic_actions_test.hpp in Headers */ = {isa = PBXBuildFile; fileRef = A1ECC3B7146D0B9000124779 /* semantic_actions_test.hpp */; };
		A110B62E146D11D10017B77F /* semantic_actions.hpp in Headers */ = {isa = PBXBuildFile; fileRef = A1ECC3B8146D0B9000124779 /* semantic_actions.hpp */; };
		A110B62F146D11D10017B77F /* json_path.hpp in Headers */ = {isa = PBXBuildFile; fileRef = A1ECC3B9146D0B9000124779 /* json_path.hpp */; };
		A110B630146D11D10017B77F /* parser.hpp in Headers */ = {isa = PBXBuildFile; fileRef = A1ECC3BA146D0B9000124779 /* parser.hpp */; };
		A110B631146D11D10017B77F /* generate.hpp in Headers */ = {isa = PBXBuildFile; fileRef = A1ECC3BC146D0B9000124779 /* generate.hpp */; };
		A110B632146D11D10017B77F /* mutex.hpp in Headers */ = {isa = PBXBuildFile; fileRef = A1ECC3E2146D0B9000124779 /* mutex.hpp */; };
		A110B633146D11D10017B77F /* semaphore.hpp in Headers */ = {isa = PBXBuildFile; fileRef = A1ECC3E3146D0B9000124779 /* semaphore.hpp */; };
		A110B634146D11D10017B77F /* SemanticActionsBase.hpp in Headers */ = {isa = PBXBuildFile; fileRef = A1ECC3E4146D0B9000124779 /* SemanticActionsBase.hpp */; };
		A110B635146D11D10017B77F /* SemanticActions.hpp in Headers */ = {isa = PBXBuildFile; fileRef = A1ECC3E5146D0B9000124779 /* SemanticActions.hpp */; };
		A110B636146D11D10017B77F /* CFDataCache.hpp in Headers */ = {isa = PBXBuildFile; fileRef = A1ECC3E6146D0B9000124779 /* CFDataCache.hpp */; };
		A110B637146D11D10017B77F /* CFDataBuffer.hpp in Headers */ = {isa = PBXBuildFile; fileRef = A1ECC3E7146D0B9000124779 /* CFDataBuffer.hpp */; };
		A110B638146D11D10017B77F /* JPSemanticActionsBase_private.h in Headers */ = {isa = PBXBuildFile; fileRef = A1ECC3E8146D0B9000124779 /* JPSemanticActionsBase_private.h */; };
		A110B639146D11D10017B77F /* unicode_traits.hpp in Headers */ = {isa = PBXBuildFile; fileRef = A1ECC3E9146D0B9000124779 /* unicode_traits.hpp */; };
		A16318871476B0D0007C5B3B /* JPAsyncJsonParser.h in Headers */ = {isa = PBXBuildFile; fileRef = A16318861476B0D0007C5B3B /* JPAsyncJsonParser.h */; settings = {ATTRIBUTES = (Public, ); }; };
		A16AEB361441FB2700FDB7B2 /* Foundation.framework in Frameworks */ = {isa = PBXBuildFile; fileRef = A16AEB351441FB2700FDB7B2 /* Foundation.framework */; };
		A16AEB8F1441FDBE00FDB7B2 /* CoreFoundation.framework in Frameworks */ = {isa = PBXBuildFile; fileRef = A16AEB8E1441FDBE00FDB7B2 /* CoreFoundation.framework */; };
		A1E95DE014710A9100A78D3F /* JPStreamSemanticActions.mm in Sources */ = {isa = PBXBuildFile; fileRef = A1ECC3CD146D0B9000124779 /* JPStreamSemanticActions.mm */; };
		A1E95DE114710A9100A78D3F /* JPAsyncJsonParser.mm in Sources */ = {isa = PBXBuildFile; fileRef = A1ECC3D3146D0B9000124779 /* JPAsyncJsonParser.mm */; };
		A1ECC429146D0B9000124779 /* JPSemanticActionsBase.mm in Sources */ = {isa = PBXBuildFile; fileRef = A1ECC3CB146D0B9000124779 /* JPSemanticActionsBase.mm */; };
		A1ECC42D146D0B9000124779 /* JPSemanticActions.mm in Sources */ = {isa = PBXBuildFile; fileRef = A1ECC3CF146D0B9000124779 /* JPSemanticActions.mm */; };
		A1ECC42F146D0B9000124779 /* JPJsonParser.mm in Sources */ = {isa = PBXBuildFile; fileRef = A1ECC3D1146D0B9000124779 /* JPJsonParser.mm */; };
		A1ECC433146D0B9000124779 /* JPJsonWriter.mm in Sources */ = {isa = PBXBuildFile; fileRef = A1ECC3D5146D0B9000124779 /* JPJsonWriter.mm */; };
		A1ECC435146D0B9000124779 /* NSData+JPJsonDetectEncoding.mm in Sources */ = {isa = PBXBuildFile; fileRef = A1ECC3D7146D0B9000124779 /* NSData+JPJsonDetectEncoding.mm */; };
		A1ECC437146D0C9A00124779 /* JPJsonCommon.h in Headers */ = {isa = PBXBuildFile; fileRef = A1ECC3C8146D0B9000124779 /* JPJsonCommon.h */; settings = {ATTRIBUTES = (Public, ); }; };
		A1ECC438146D0C9A00124779 /* JPSemanticActionsProtocol.h in Headers */ = {isa = PBXBuildFile; fileRef = A1ECC3C9146D0B9000124779 /* JPSemanticActionsProtocol.h */; settings = {ATTRIBUTES = (Public, ); }; };
		A1ECC439146D0C9A00124779 /* JPSemanticActionsBase.h in Headers */ = {isa = PBXBuildFile; fileRef = A1ECC3CA146D0B9000124779 /* JPSemanticActionsBase.h */; settings = {ATTRIBUTES = (Public, ); }; };
		A1ECC43B146D0C9A00124779 /* JPSemanticActions.h in Headers */ = {isa = PBXBuildFile; fileRef = A1ECC3CE146D0B9000124779 /* JPSemanticActions.h */; settings = {ATTRIBUTES = (Public, ); }; };
		A1ECC43C146D0C9A00124779 /* JPJsonParser.h in Headers */ = {isa = PBXBuildFile; fileRef = A1ECC3D0146D0B9000124779 /* JPJsonParser.h */; settings = {ATTRIBUTES = (Public, ); }; };
		A1ECC43E146D0C9A00124779 /* JPJsonWriter.h in Headers */ = {isa = PBXBuildFile; fileRef = A1ECC3D4146D0B9000124779 /* JPJsonWriter.h */; settings = {ATTRIBUTES = (Public, ); }; };
		A1ECC43F146D0C9A00124779 /* NSData+JPJsonDetectEncoding.h in Headers */ = {isa = PBXBuildFile; fileRef = A1ECC3D6146D0B9000124779 /* NSData+JPJsonDetectEncoding.h */; settings = {ATTRIBUTES = (Public, ); }; };
/* End PBXBuildFile section */

/* Begin PBXFileReference section */
		A16318861476B0D0007C5B3B /* JPAsyncJsonParser.h */ = {isa = PBXFileReference; fileEncoding = 4; lastKnownFileType = sourcecode.c.h; name = JPAsyncJsonParser.h; path = ../../Source/json/ObjC/JPAsyncJsonParser.h; sourceTree = "<group>"; };
		A16AEB321441FB2700FDB7B2 /* libjson-iOS.a */ = {isa = PBXFileReference; explicitFileType = archive.ar; includeInIndex = 0; path = "libjson-iOS.a"; sourceTree = BUILT_PRODUCTS_DIR; };
		A16AEB351441FB2700FDB7B2 /* Foundation.framework */ = {isa = PBXFileReference; lastKnownFileType = wrapper.framework; name = Foundation.framework; path = System/Library/Frameworks/Foundation.framework; sourceTree = SDKROOT; };
		A16AEB391441FB2700FDB7B2 /* JPJsonLib-Prefix.pch */ = {isa = PBXFileReference; lastKnownFileType = sourcecode.c.h; name = "JPJsonLib-Prefix.pch"; path = "JPJsonLib/JPJsonLib-Prefix.pch"; sourceTree = "<group>"; };
		A16AEB8E1441FDBE00FDB7B2 /* CoreFoundation.framework */ = {isa = PBXFileReference; lastKnownFileType = wrapper.framework; name = CoreFoundation.framework; path = System/Library/Frameworks/CoreFoundation.framework; sourceTree = SDKROOT; };
		A1ECC39E146D0B9000124779 /* byte_swap.hpp */ = {isa = PBXFileReference; fileEncoding = 4; lastKnownFileType = sourcecode.cpp.h; path = byte_swap.hpp; sourceTree = "<group>"; };
		A1ECC39F146D0B9000124779 /* byte_swap_iterator.hpp */ = {isa = PBXFileReference; fileEncoding = 4; lastKnownFileType = sourcecode.cpp.h; path = byte_swap_iterator.hpp; sourceTree = "<group>"; };
		A1ECC3A0146D0B9000124779 /* endian.hpp */ = {isa = PBXFileReference; fileEncoding = 4; lastKnownFileType = sourcecode.cpp.h; path = endian.hpp; sourceTree = "<group>"; };
		A1ECC3A1146D0B9000124779 /* unicode_utilities.hpp */ = {isa = PBXFileReference; fileEncoding = 4; lastKnownFileType = sourcecode.cpp.h; path = unicode_utilities.hpp; sourceTree = "<group>"; };
		A1ECC3A2146D0B9000124779 /* unicode_conversions.hpp */ = {isa = PBXFileReference; fileEncoding = 4; lastKnownFileType = sourcecode.cpp.h; path = unicode_conversions.hpp; sourceTree = "<group>"; };
		A1ECC3A3146D0B9000124779 /* unicode_detect_bom.hpp */ = {isa = PBXFileReference; fileEncoding = 4; lastKnownFileType = sourcecode.cpp.h; path = unicode_detect_bom.hpp; sourceTree = "<group>"; };
		A1ECC3A4146D0B9000124779 /* unicode_iterator.hpp */ = {isa = PBXFileReference; fileEncoding = 4; lastKnownFileType = sourcecode.cpp.h; path = unicode_iterator.hpp; sourceTree = "<group>"; };
		A1ECC3A6146D0B9000124779 /* flags.hpp */ = {isa = PBXFileReference; fileEncoding = 4; lastKnownFileType = sourcecode.cpp.h; path = flags.hpp; sourceTree = "<group>"; };
		A1ECC3A7146D0B9000124779 /* synchronous_queue.hpp */ = {isa = PBXFileReference; fileEncoding = 4; lastKnownFileType = sourcecode.cpp.h; path = synchronous_queue.hpp; sourceTree = "<group>"; };
		A1ECC3A8146D0B9000124779 /* syncqueue_streambuf.hpp */ = {isa = PBXFileReference; fileEncoding = 4; lastKnownFileType = sourcecode.cpp.h; path = syncqueue_streambuf.hpp; sourceTree = "<group>"; };
		A1ECC3A9146D0B9000124779 /* istreambuf_iterator.hpp */ = {isa = PBXFileReference; fileEncoding = 4; lastKnownFileType = sourcecode.cpp.h; path = istreambuf_iterator.hpp; sourceTree = "<group>"; };
		A1ECC3AA146D0B9000124779 /* string_hasher.hpp */ = {isa = PBXFileReference; fileEncoding = 4; lastKnownFileType = sourcecode.cpp.h; path = string_hasher.hpp; sourceTree = "<group>"; };
		A1ECC3AB146D0B9000124779 /* simple_log.hpp */ = {isa = PBXFileReference; fileEncoding = 4; lastKnownFileType = sourcecode.cpp.h; path = simple_log.hpp; sourceTree = "<group>"; };
		A1ECC3AC146D0B9000124779 /* number_builder.hpp */ = {isa = PBXFileReference; fileEncoding = 4; lastKnownFileType = sourcecode.cpp.h; path = number_builder.hpp; sourceTree = "<group>"; };
		A1ECC3AD146D0B9000124779 /* string_buffer.hpp */ = {isa = PBXFileReference; fileEncoding = 4; lastKnownFileType = sourcecode.cpp.h; path = string_buffer.hpp; sourceTree = "<group>"; };
		A1ECC3B5146D0B9000124779 /* parser_errors.hpp */ = {isa = PBXFileReference; fileEncoding = 4; lastKnownFileType = sourcecode.cpp.h; path = parser_errors.hpp; sourceTree = "<group>"; };
		A1ECC3B6146D0B9000124779 /* semantic_actions_base.hpp */ = {isa = PBXFileReference; fileEncoding = 4; lastKnownFileType = sourcecode.cpp.h; path = semantic_actions_base.hpp; sourceTree = "<group>"; };
		A1ECC3B7146D0B9000124779 /* semantic_actions_test.hpp */ = {isa = PBXFileReference; fileEncoding = 4; lastKnownFileType = sourcecode.cpp.h; path = semantic_actions_test.hpp; sourceTree = "<group>"; };
		A1ECC3B8146D0B9000124779 /* semantic_actions.hpp */ = {isa = PBXFileReference; fileEncoding = 4; lastKnownFileType = sourcecode.cpp.h; path = semantic_actions.hpp; sourceTree = "<group>"; };
		A1ECC3B9146D0B9000124779 /* json_path.hpp */ = {isa = PBXFileReference; fileEncoding = 4; lastKnownFileType = sourcecode.cpp.h; path = json_path.hpp; sourceTree = "<group>"; };
		A1ECC3BA146D0B9000124779 /* parser.hpp */ = {isa = PBXFileReference; fileEncoding = 4; lastKnownFileType = sourcecode.cpp.h; path = parser.hpp; sourceTree = "<group>"; };
		A1ECC3BB146D0B9000124779 /* parse.hpp */ = {isa = PBXFileReference; fileEncoding = 4; lastKnownFileType = sourcecode.cpp.h; path = parse.hpp; sourceTree = "<group>"; };
		A1ECC3BC146D0B9000124779 /* generate.hpp */ = {isa = PBXFileReference; fileEncoding = 4; lastKnownFileType = sourcecode.cpp.h; path = generate.hpp; sourceTree = "<group>"; };
		A1ECC3C8146D0B9000124779 /* JPJsonCommon.h */ = {isa = PBXFileReference; fileEncoding = 4; lastKnownFileType = sourcecode.c.h; name = JPJsonCommon.h; path = ../../Source/json/ObjC/JPJsonCommon.h; sourceTree = "<group>"; };
		A1ECC3C9146D0B9000124779 /* JPSemanticActionsProtocol.h */ = {isa = PBXFileReference; fileEncoding = 4; lastKnownFileType = sourcecode.c.h; name = JPSemanticActionsProtocol.h; path = ../../Source/json/ObjC/JPSemanticActionsProtocol.h; sourceTree = "<group>"; };
		A1ECC3CA146D0B9000124779 /* JPSemanticActionsBase.h */ = {isa = PBXFileReference; fileEncoding = 4; lastKnownFileType = sourcecode.c.h; name = JPSemanticActionsBase.h; path = ../../Source/json/ObjC/JPSemanticActionsBase.h; sourceTree = "<group>"; };
		A1ECC3CB146D0B9000124779 /* JPSemanticActionsBase.mm */ = {isa = PBXFileReference; fileEncoding = 4; lastKnownFileType = sourcecode.cpp.objcpp; path = JPSemanticActionsBase.mm; sourceTree = "<group>"; };
		A1ECC3CD146D0B9000124779 /* JPStreamSemanticActions.mm */ = {isa = PBXFileReference; explicitFileType = sourcecode.cpp.objcpp; fileEncoding = 4; path = JPStreamSemanticActions.mm; sourceTree = "<group>"; };
		A1ECC3CE146D0B9000124779 /* JPSemanticActions.h */ = {isa = PBXFileReference; fileEncoding = 4; lastKnownFileType = sourcecode.c.h; name = JPSemanticActions.h; path = ../../Source/json/ObjC/JPSemanticActions.h; sourceTree = "<group>"; };
		A1ECC3CF146D0B9000124779 /* JPSemanticActions.mm */ = {isa = PBXFileReference; fileEncoding = 4; lastKnownFileType = sourcecode.cpp.objcpp; path = JPSemanticActions.mm; sourceTree = "<group>"; };
		A1ECC3D0146D0B9000124779 /* JPJsonParser.h */ = {isa = PBXFileReference; fileEncoding = 4; lastKnownFileType = sourcecode.c.h; name = JPJsonParser.h; path = ../../Source/json/ObjC/JPJsonParser.h; sourceTree = "<group>"; };
		A1ECC3D1146D0B9000124779 /* JPJsonParser.mm */ = {isa = PBXFileReference; fileEncoding = 4; lastKnownFileType = sourcecode.cpp.objcpp; path = JPJsonParser.mm; sourceTree = "<group>"; };
		A1ECC3D3146D0B9000124779 /* JPAsyncJsonParser.mm */ = {isa = PBXFileReference; fileEncoding = 4; lastKnownFileType = sourcecode.cpp.objcpp; path = JPAsyncJsonParser.mm; sourceTree = "<group>"; };
		A1ECC3D4146D0B9000124779 /* JPJsonWriter.h */ = {isa = PBXFileReference; fileEncoding = 4; lastKnownFileType = sourcecode.c.h; name = JPJsonWriter.h; path = ../../Source/json/ObjC/JPJsonWriter.h; sourceTree = "<group>"; };
		A1ECC3D5146D0B9000124779 /* JPJsonWriter.mm */ = {isa = PBXFileReference; fileEncoding = 4; lastKnownFileType = sourcecode.cpp.objcpp; path = JPJsonWriter.mm; sourceTree = "<group>"; };
		A1ECC3D6146D0B9000124779 /* NSData+JPJsonDetectEncoding.h */ = {isa = PBXFileReference; fileEncoding = 4; lastKnownFileType = sourcecode.c.h; name = "NSData+JPJsonDetectEncoding.h"; path = "../../Source/json/ObjC/NSData+JPJsonDetectEncoding.h"; sourceTree = "<group>"; };
		A1ECC3D7146D0B9000124779 /* NSData+JPJsonDetectEncoding.mm */ = {isa = PBXFileReference; fileEncoding = 4; lastKnownFileType = sourcecode.cpp.objcpp; path = "NSData+JPJsonDetectEncoding.mm"; sourceTree = "<group>"; };
		A1ECC3E2146D0B9000124779 /* mutex.hpp */ = {isa = PBXFileReference; fileEncoding = 4; lastKnownFileType = sourcecode.cpp.h; name = mutex.hpp; path = ../../Source/json/ObjC/mutex.hpp; sourceTree = "<group>"; };
		A1ECC3E3146D0B9000124779 /* semaphore.hpp */ = {isa = PBXFileReference; fileEncoding = 4; lastKnownFileType = sourcecode.cpp.h; name = semaphore.hpp; path = ../../Source/json/ObjC/semaphore.hpp; sourceTree = "<group>"; };
		A1ECC3E4146D0B9000124779 /* SemanticActionsBase.hpp */ = {isa = PBXFileReference; fileEncoding = 4; lastKnownFileType = sourcecode.cpp.h; name = SemanticActionsBase.hpp; path = ../../Source/json/ObjC/SemanticActionsBase.hpp; sourceTree = "<group>"; };
		A1ECC3E5146D0B9000124779 /* SemanticActions.hpp */ = {isa = PBXFileReference; fileEncoding = 4; lastKnownFileType = sourcecode.cpp.h; name = SemanticActions.hpp; path = ../../Source/json/ObjC/SemanticActions.hpp; sourceTree = "<group>"; };
		A1ECC3E6146D0B9000124779 /* CFDataCache.hpp */ = {isa = PBXFileReference; fileEncoding = 4; lastKnownFileType = sourcecode.cpp.h; name = CFDataCache.hpp; path = ../../Source/json/ObjC/CFDataCache.hpp; sourceTree = "<group>"; };
		A1ECC3E7146D0B9000124779 /* CFDataBuffer.hpp */ = {isa = PBXFileReference; fileEncoding = 4; lastKnownFileType = sourcecode.cpp.h; name = CFDataBuffer.hpp; path = ../../Source/json/ObjC/CFDataBuffer.hpp; sourceTree = "<group>"; };
		A1ECC3E8146D0B9000124779 /* JPSemanticActionsBase_private.h */ = {isa = PBXFileReference; fileEncoding = 4; lastKnownFileType = sourcecode.c.h; name = JPSemanticActionsBase_private.h; path = ../../Source/json/ObjC/JPSemanticActionsBase_private.h; sourceTree = "<group>"; };
		A1ECC3E9146D0B9000124779 /* unicode_traits.hpp */ = {isa = PBXFileReference; fileEncoding = 4; lastKnownFileType = sourcecode.cpp.h; name = unicode_traits.hpp; path = ../../Source/json/ObjC/unicode_traits.hpp; sourceTree = "<group>"; };
/* End PBXFileReference section */

/* Begin PBXFrameworksBuildPhase section */
		A16AEB2F1441FB2700FDB7B2 /* Frameworks */ = {
			isa = PBXFrameworksBuildPhase;
			buildActionMask = 2147483647;
			files = (
				A16AEB8F1441FDBE00FDB7B2 /* CoreFoundation.framework in Frameworks */,
				A16AEB361441FB2700FDB7B2 /* Foundation.framework in Frameworks */,
			);
			runOnlyForDeploymentPostprocessing = 0;
		};
/* End PBXFrameworksBuildPhase section */

/* Begin PBXGroup section */
		A16AEB251441FB0300FDB7B2 = {
			isa = PBXGroup;
			children = (
				A1ECC436146D0BB600124779 /* Public Headers */,
				A1ECC390146D0B9000124779 /* Source */,
				A16AEB371441FB2700FDB7B2 /* JPJsonLib */,
				A16AEB341441FB2700FDB7B2 /* Frameworks */,
				A16AEB331441FB2700FDB7B2 /* Products */,
			);
			sourceTree = "<group>";
		};
		A16AEB331441FB2700FDB7B2 /* Products */ = {
			isa = PBXGroup;
			children = (
				A16AEB321441FB2700FDB7B2 /* libjson-iOS.a */,
			);
			name = Products;
			sourceTree = "<group>";
		};
		A16AEB341441FB2700FDB7B2 /* Frameworks */ = {
			isa = PBXGroup;
			children = (
				A16AEB8E1441FDBE00FDB7B2 /* CoreFoundation.framework */,
				A16AEB351441FB2700FDB7B2 /* Foundation.framework */,
			);
			name = Frameworks;
			sourceTree = "<group>";
		};
		A16AEB371441FB2700FDB7B2 /* JPJsonLib */ = {
			isa = PBXGroup;
			children = (
				A16AEB381441FB2700FDB7B2 /* Supporting Files */,
			);
			name = JPJsonLib;
			sourceTree = JP_ROOT;
		};
		A16AEB381441FB2700FDB7B2 /* Supporting Files */ = {
			isa = PBXGroup;
			children = (
				A16AEB391441FB2700FDB7B2 /* JPJsonLib-Prefix.pch */,
			);
			name = "Supporting Files";
			sourceTree = "<group>";
		};
		A1ECC390146D0B9000124779 /* Source */ = {
			isa = PBXGroup;
			children = (
				A1ECC393146D0B9000124779 /* json */,
			);
			name = Source;
			path = ../../Source;
			sourceTree = "<group>";
		};
		A1ECC393146D0B9000124779 /* json */ = {
			isa = PBXGroup;
			children = (
				A1ECC397146D0B9000124779 /* endian */,
				A1ECC398146D0B9000124779 /* unicode */,
				A1ECC399146D0B9000124779 /* utility */,
				A1ECC39A146D0B9000124779 /* parser */,
				A1ECC39B146D0B9000124779 /* generator */,
				A1ECC39D146D0B9000124779 /* ObjC */,
			);
			path = json;
			sourceTree = "<group>";
		};
		A1ECC397146D0B9000124779 /* endian */ = {
			isa = PBXGroup;
			children = (
				A1ECC39E146D0B9000124779 /* byte_swap.hpp */,
				A1ECC39F146D0B9000124779 /* byte_swap_iterator.hpp */,
				A1ECC3A0146D0B9000124779 /* endian.hpp */,
			);
			path = endian;
			sourceTree = "<group>";
		};
		A1ECC398146D0B9000124779 /* unicode */ = {
			isa = PBXGroup;
			children = (
				A1ECC3A1146D0B9000124779 /* unicode_utilities.hpp */,
				A1ECC3A2146D0B9000124779 /* unicode_conversions.hpp */,
				A1ECC3A3146D0B9000124779 /* unicode_detect_bom.hpp */,
				A1ECC3A4146D0B9000124779 /* unicode_iterator.hpp */,
			);
			path = unicode;
			sourceTree = "<group>";
		};
		A1ECC399146D0B9000124779 /* utility */ = {
			isa = PBXGroup;
			children = (
				A1ECC3A6146D0B9000124779 /* flags.hpp */,
				A1ECC3A7146D0B9000124779 /* synchronous_queue.hpp */,
				A1ECC3A8146D0B9000124779 /* syncqueue_streambuf.hpp */,
				A1ECC3A9146D0B9000124779 /* istreambuf_iterator.hpp */,
				A1ECC3AA146D0B9000124779 /* string_hasher.hpp */,
				A1ECC3AB146D0B9000124779 /* simple_log.hpp */,
				A1ECC3AC146D0B9000124779 /* number_builder.hpp */,
				A1ECC3AD146D0B9000124779 /* string_buffer.hpp */,
			);
			path = utility;
			sourceTree = "<group>";
		};
		A1ECC39A146D0B9000124779 /* parser */ = {
			isa = PBXGroup;
			children = (
				A1ECC3B5146D0B9000124779 /* parser_errors.hpp */,
				A1ECC3B6146D0B9000124779 /* semantic_actions_base.hpp */,
				A1ECC3B7146D0B9000124779 /* semantic_actions_test.hpp */,
				A1ECC3B8146D0B9000124779 /* semantic_actions.hpp */,
				A1ECC3B9146D0B9000124779 /* json_path.hpp */,
				A1ECC3BA146D0B9000124779 /* parser.hpp */,
				A1ECC3BB146D0B9000124779 /* parse.hpp */,
			);
			path = parser;
			sourceTree = "<group>";
		};
		A1ECC39B146D0B9000124779 /* generator */ = {
			isa = PBXGroup;
			children = (
				A1ECC3BC146D0B9000124779 /* generate.hpp */,
			);
			path = generator;
			sourceTree = "<group>";
		};
		A1ECC39D146D0B9000124779 /* ObjC */ = {
			isa = PBXGroup;
			children = (
				A1ECC3C7146D0B9000124779 /* Private */,
				A1ECC3CB146D0B9000124779 /* JPSemanticActionsBase.mm */,
				A1ECC3CD146D0B9000124779 /* JPStreamSemanticActions.mm */,
				A1ECC3CF146D0B9000124779 /* JPSemanticActions.mm */,
				A1ECC3D1146D0B9000124779 /* JPJsonParser.mm */,
				A1ECC3D3146D0B9000124779 /* JPAsyncJsonParser.mm */,
				A1ECC3D5146D0B9000124779 /* JPJsonWriter.mm */,
				A1ECC3D7146D0B9000124779 /* NSData+JPJsonDetectEncoding.mm */,
			);
			path = ObjC;
			sourceTree = "<group>";
		};
		A1ECC3C7146D0B9000124779 /* Private */ = {
			isa = PBXGroup;
			children = (
				A1ECC3E2146D0B9000124779 /* mutex.hpp */,
				A1ECC3E3146D0B9000124779 /* semaphore.hpp */,
				A1ECC3E4146D0B9000124779 /* SemanticActionsBase.hpp */,
				A1ECC3E5146D0B9000124779 /* SemanticActions.hpp */,
				A1ECC3E6146D0B9000124779 /* CFDataCache.hpp */,
				A1ECC3E7146D0B9000124779 /* CFDataBuffer.hpp */,
				A1ECC3E8146D0B9000124779 /* JPSemanticActionsBase_private.h */,
				A1ECC3E9146D0B9000124779 /* unicode_traits.hpp */,
			);
			name = Private;
			path = JPJsonParser/json/ObjC;
			sourceTree = "<group>";
		};
		A1ECC436146D0BB600124779 /* Public Headers */ = {
			isa = PBXGroup;
			children = (
				A16318861476B0D0007C5B3B /* JPAsyncJsonParser.h */,
				A1ECC3C8146D0B9000124779 /* JPJsonCommon.h */,
				A1ECC3C9146D0B9000124779 /* JPSemanticActionsProtocol.h */,
				A1ECC3CA146D0B9000124779 /* JPSemanticActionsBase.h */,
				A1ECC3CE146D0B9000124779 /* JPSemanticActions.h */,
				A1ECC3D0146D0B9000124779 /* JPJsonParser.h */,
				A1ECC3D4146D0B9000124779 /* JPJsonWriter.h */,
				A1ECC3D6146D0B9000124779 /* NSData+JPJsonDetectEncoding.h */,
			);
			name = "Public Headers";
			sourceTree = "<group>";
		};
/* End PBXGroup section */

/* Begin PBXHeadersBuildPhase section */
		A16AEB301441FB2700FDB7B2 /* Headers */ = {
			isa = PBXHeadersBuildPhase;
			buildActionMask = 2147483647;
			files = (
				A1ECC437146D0C9A00124779 /* JPJsonCommon.h in Headers */,
				A1ECC438146D0C9A00124779 /* JPSemanticActionsProtocol.h in Headers */,
				A1ECC439146D0C9A00124779 /* JPSemanticActionsBase.h in Headers */,
				A1ECC43B146D0C9A00124779 /* JPSemanticActions.h in Headers */,
				A1ECC43C146D0C9A00124779 /* JPJsonParser.h in Headers */,
				A1ECC43E146D0C9A00124779 /* JPJsonWriter.h in Headers */,
				A1ECC43F146D0C9A00124779 /* NSData+JPJsonDetectEncoding.h in Headers */,
				A110B61C146D11D10017B77F /* byte_swap.hpp in Headers */,
				A110B61D146D11D10017B77F /* byte_swap_iterator.hpp in Headers */,
				A110B61E146D11D10017B77F /* endian.hpp in Headers */,
				A110B61F146D11D10017B77F /* unicode_utilities.hpp in Headers */,
				A110B620146D11D10017B77F /* unicode_conversions.hpp in Headers */,
				A110B621146D11D10017B77F /* unicode_detect_bom.hpp in Headers */,
				A110B622146D11D10017B77F /* unicode_iterator.hpp in Headers */,
				A110B623146D11D10017B77F /* flags.hpp in Headers */,
				A110B624146D11D10017B77F /* synchronous_queue.hpp in Headers */,
				A110B625146D11D10017B77F /* syncqueue_streambuf.hpp in Headers */,
				A110B626146D11D10017B77F /* istreambuf_iterator.hpp in Headers */,
				A110B627146D11D10017B77F /* string_hasher.hpp in Headers */,
				A110B628146D11D10017B77F /* simple_log.hpp in Headers */,
				A110B629146D11D10017B77F /* number_builder.hpp in Headers */,
				A110B62A146D11D10017B77F /* string_buffer.hpp in Headers */,
				A110B62B146D11D10017B77F /* parser_errors.hpp in Headers */,
				A110B62C146D11D10017B77F /* semantic_actions_base.hpp in Headers */,
				A110B62D146D11D10017B77F /* semantic_actions_test.hpp in Headers */,
				A110B62E146D11D10017B77F /* semantic_actions.hpp in Headers */,
				A110B62F146D11D10017B77F /* json_path.hpp in Headers */,
				A110B630146D11D10017B77F /* parser.hpp in Headers */,
				A110B631146D11D10017B77F /* generate.hpp in Headers */,
				A110B632146D11D10017B77F /* mutex.hpp in Headers */,
				A110B633146D11D10017B77F /* semaphore.hpp in Headers */,
				A110B634146D11D10017B77F /* SemanticActionsBase.hpp in Headers */,
				A110B635146D11D10017B77F /* SemanticActions.hpp in Headers */,
				A110B636146D11D10017B77F /* CFDataCache.hpp in Headers */,
				A110B637146D11D10017B77F /* CFDataBuffer.hpp in Headers */,
				A110B638146D11D10017B77F /* JPSemanticActionsBase_private.h in Headers */,
				A110B639146D11D10017B77F /* unicode_traits.hpp in Headers */,
				A16318871476B0D0007C5B3B /* JPAsyncJsonParser.h in Headers */,
			);
			runOnlyForDeploymentPostprocessing = 0;
		};
/* End PBXHeadersBuildPhase section */

/* Begin PBXNativeTarget section */
		A16AEB311441FB2700FDB7B2 /* JPJsonLib */ = {
			isa = PBXNativeTarget;
			buildConfigurationList = A16AEB3D1441FB2700FDB7B2 /* Build configuration list for PBXNativeTarget "JPJsonLib" */;
			buildPhases = (
				A16AEB2E1441FB2700FDB7B2 /* Sources */,
				A16AEB2F1441FB2700FDB7B2 /* Frameworks */,
				A16AEB301441FB2700FDB7B2 /* Headers */,
			);
			buildRules = (
			);
			dependencies = (
			);
			name = JPJsonLib;
			productName = JPJsonLib;
			productReference = A16AEB321441FB2700FDB7B2 /* libjson-iOS.a */;
			productType = "com.apple.product-type.library.static";
		};
/* End PBXNativeTarget section */

/* Begin PBXProject section */
		A16AEB271441FB0300FDB7B2 /* Project object */ = {
			isa = PBXProject;
			attributes = {
				LastUpgradeCheck = 0420;
			};
			buildConfigurationList = A16AEB2A1441FB0300FDB7B2 /* Build configuration list for PBXProject "iOS Libraries" */;
			compatibilityVersion = "Xcode 3.2";
			developmentRegion = English;
			hasScannedForEncodings = 0;
			knownRegions = (
				en,
			);
			mainGroup = A16AEB251441FB0300FDB7B2;
			productRefGroup = A16AEB331441FB2700FDB7B2 /* Products */;
			projectDirPath = "";
			projectRoot = "";
			targets = (
				A16AEB311441FB2700FDB7B2 /* JPJsonLib */,
			);
		};
/* End PBXProject section */

/* Begin PBXSourcesBuildPhase section */
		A16AEB2E1441FB2700FDB7B2 /* Sources */ = {
			isa = PBXSourcesBuildPhase;
			buildActionMask = 2147483647;
			files = (
				A1E95DE014710A9100A78D3F /* JPStreamSemanticActions.mm in Sources */,
				A1E95DE114710A9100A78D3F /* JPAsyncJsonParser.mm in Sources */,
				A1ECC429146D0B9000124779 /* JPSemanticActionsBase.mm in Sources */,
				A1ECC42D146D0B9000124779 /* JPSemanticActions.mm in Sources */,
				A1ECC42F146D0B9000124779 /* JPJsonParser.mm in Sources */,
				A1ECC433146D0B9000124779 /* JPJsonWriter.mm in Sources */,
				A1ECC435146D0B9000124779 /* NSData+JPJsonDetectEncoding.mm in Sources */,
			);
			runOnlyForDeploymentPostprocessing = 0;
		};
/* End PBXSourcesBuildPhase section */

/* Begin XCBuildConfiguration section */
		A16AEB2C1441FB0300FDB7B2 /* Debug */ = {
			isa = XCBuildConfiguration;
			buildSettings = {
				ARCHS = (
					armv6,
					"$(ARCHS_STANDARD_32_BIT)",
				);
				GCC_PREPROCESSOR_DEFINITIONS = BOOST_STRICT_CONFIG;
				JP_ROOT = xxx;
				SDKROOT = iphoneos;
			};
			name = Debug;
		};
		A16AEB2D1441FB0300FDB7B2 /* Release */ = {
			isa = XCBuildConfiguration;
			buildSettings = {
				ARCHS = (
					armv6,
					"$(ARCHS_STANDARD_32_BIT)",
				);
				GCC_PREPROCESSOR_DEFINITIONS = BOOST_STRICT_CONFIG;
				JP_ROOT = xxx;
				SDKROOT = iphoneos;
			};
			name = Release;
		};
		A16AEB3E1441FB2700FDB7B2 /* Debug */ = {
			isa = XCBuildConfiguration;
			buildSettings = {
				ALWAYS_SEARCH_USER_PATHS = NO;
				ARCHS = (
					armv6,
					"$(ARCHS_STANDARD_32_BIT)",
				);
				COPY_PHASE_STRIP = NO;
				DSTROOT = /tmp/JPJsonLib.dst;
				GCC_C_LANGUAGE_STANDARD = gnu99;
				GCC_DYNAMIC_NO_PIC = NO;
				GCC_OPTIMIZATION_LEVEL = 0;
				GCC_PRECOMPILE_PREFIX_HEADER = YES;
				GCC_PREFIX_HEADER = "JPJsonLib/JPJsonLib-Prefix.pch";
				GCC_PREPROCESSOR_DEFINITIONS = (
					"$(inherited)",
					"DEBUG=1",
				);
				GCC_SYMBOLS_PRIVATE_EXTERN = NO;
				GCC_WARN_ABOUT_MISSING_PROTOTYPES = YES;
				GCC_WARN_ABOUT_RETURN_TYPE = YES;
				GCC_WARN_UNUSED_VARIABLE = YES;
				HEADER_SEARCH_PATHS = (
					"\"$(JP_ROOT)\"",
					"\"$(BOOST_ROOT)\"",
				);
				INSTALL_PATH = "$(BUILT_PRODUCTS_DIR)";
				IPHONEOS_DEPLOYMENT_TARGET = 4.2;
				JP_ROOT = "$(SRCROOT)/../../Source";
				OTHER_LDFLAGS = "-ObjC";
				PRODUCT_NAME = "json-iOS";
				PUBLIC_HEADERS_FOLDER_PATH = JPJson;
				SKIP_INSTALL = YES;
			};
			name = Debug;
		};
		A16AEB3F1441FB2700FDB7B2 /* Release */ = {
			isa = XCBuildConfiguration;
			buildSettings = {
				ALWAYS_SEARCH_USER_PATHS = NO;
				ARCHS = (
					armv6,
					"$(ARCHS_STANDARD_32_BIT)",
				);
				COPY_PHASE_STRIP = YES;
				DSTROOT = /tmp/JPJsonLib.dst;
				GCC_C_LANGUAGE_STANDARD = gnu99;
				GCC_OPTIMIZATION_LEVEL = 3;
				GCC_PRECOMPILE_PREFIX_HEADER = YES;
				GCC_PREFIX_HEADER = "JPJsonLib/JPJsonLib-Prefix.pch";
				GCC_PREPROCESSOR_DEFINITIONS = (
					"$(inherited)",
					NDEBUG,
					NS_BLOCK_ASSERTIONS,
				);
				GCC_WARN_ABOUT_MISSING_PROTOTYPES = YES;
				GCC_WARN_ABOUT_RETURN_TYPE = YES;
				GCC_WARN_UNUSED_VARIABLE = YES;
				HEADER_SEARCH_PATHS = (
					"\"$(JP_ROOT)\"",
					"\"$(BOOST_ROOT)\"",
				);
				INSTALL_PATH = "$(BUILT_PRODUCTS_DIR)";
				IPHONEOS_DEPLOYMENT_TARGET = 4.2;
				JP_ROOT = "$(SRCROOT)/../../Source";
				OTHER_LDFLAGS = "-ObjC";
				PRODUCT_NAME = "json-iOS";
				PUBLIC_HEADERS_FOLDER_PATH = JPJson;
				SKIP_INSTALL = YES;
				VALIDATE_PRODUCT = YES;
			};
			name = Release;
		};
/* End XCBuildConfiguration section */

/* Begin XCConfigurationList section */
		A16AEB2A1441FB0300FDB7B2 /* Build configuration list for PBXProject "iOS Libraries" */ = {
			isa = XCConfigurationList;
			buildConfigurations = (
				A16AEB2C1441FB0300FDB7B2 /* Debug */,
				A16AEB2D1441FB0300FDB7B2 /* Release */,
			);
			defaultConfigurationIsVisible = 0;
			defaultConfigurationName = Release;
		};
		A16AEB3D1441FB2700FDB7B2 /* Build configuration list for PBXNativeTarget "JPJsonLib" */ = {
			isa = XCConfigurationList;
			buildConfigurations = (
				A16AEB3E1441FB2700FDB7B2 /* Debug */,
				A16AEB3F1441FB2700FDB7B2 /* Release */,
			);
			defaultConfigurationIsVisible = 0;
			defaultConfigurationName = Release;
		};
/* End XCConfigurationList section */
	};
	rootObject = A16AEB271441FB0300FDB7B2 /* Project object */;
}
