// !$*UTF8*$!
{
	archiveVersion = 1;
	classes = {
	};
	objectVersion = 46;
	objects = {

/* Begin PBXBuildFile section */
		A1485FBA144AF3BF00A88A92 /* JPSemanticActionsBase.h in Headers */ = {isa = PBXBuildFile; fileRef = A1485FB8144AF3BF00A88A92 /* JPSemanticActionsBase.h */; settings = {ATTRIBUTES = (Public, ); }; };
		A1485FBB144AF3BF00A88A92 /* JPSemanticActionsProtocol.h in Headers */ = {isa = PBXBuildFile; fileRef = A1485FB9144AF3BF00A88A92 /* JPSemanticActionsProtocol.h */; settings = {ATTRIBUTES = (Public, ); }; };
		A16AEB361441FB2700FDB7B2 /* Foundation.framework in Frameworks */ = {isa = PBXBuildFile; fileRef = A16AEB351441FB2700FDB7B2 /* Foundation.framework */; };
		A16AEB471441FD2F00FDB7B2 /* JPJsonCommon.h in Headers */ = {isa = PBXBuildFile; fileRef = A16AEB421441FD2F00FDB7B2 /* JPJsonCommon.h */; settings = {ATTRIBUTES = (Public, ); }; };
		A16AEB481441FD2F00FDB7B2 /* JPJsonParser.h in Headers */ = {isa = PBXBuildFile; fileRef = A16AEB431441FD2F00FDB7B2 /* JPJsonParser.h */; settings = {ATTRIBUTES = (Public, ); }; };
		A16AEB491441FD2F00FDB7B2 /* JPAsyncJsonParser.h in Headers */ = {isa = PBXBuildFile; fileRef = A16AEB441441FD2F00FDB7B2 /* JPAsyncJsonParser.h */; settings = {ATTRIBUTES = (Public, ); }; };
		A16AEB4A1441FD2F00FDB7B2 /* JPJsonWriter.h in Headers */ = {isa = PBXBuildFile; fileRef = A16AEB451441FD2F00FDB7B2 /* JPJsonWriter.h */; settings = {ATTRIBUTES = (Public, ); }; };
		A16AEB4B1441FD2F00FDB7B2 /* JPSemanticActions.h in Headers */ = {isa = PBXBuildFile; fileRef = A16AEB461441FD2F00FDB7B2 /* JPSemanticActions.h */; settings = {ATTRIBUTES = (Public, ); }; };
		A16AEB8F1441FDBE00FDB7B2 /* CoreFoundation.framework in Frameworks */ = {isa = PBXBuildFile; fileRef = A16AEB8E1441FDBE00FDB7B2 /* CoreFoundation.framework */; };
		A17B20D3145AF167008EEFF9 /* JPStreamSemanticActions.h in Headers */ = {isa = PBXBuildFile; fileRef = A17B20D2145AF167008EEFF9 /* JPStreamSemanticActions.h */; settings = {ATTRIBUTES = (Public, ); }; };
		A17B21CB145AF27D008EEFF9 /* byte_swap.hpp in Headers */ = {isa = PBXBuildFile; fileRef = A17B2179145AF27D008EEFF9 /* byte_swap.hpp */; };
		A17B21CC145AF27D008EEFF9 /* byte_swap_iterator.hpp in Headers */ = {isa = PBXBuildFile; fileRef = A17B217A145AF27D008EEFF9 /* byte_swap_iterator.hpp */; };
		A17B21CD145AF27D008EEFF9 /* endian.hpp in Headers */ = {isa = PBXBuildFile; fileRef = A17B217B145AF27D008EEFF9 /* endian.hpp */; };
		A17B21CE145AF27D008EEFF9 /* generate.hpp in Headers */ = {isa = PBXBuildFile; fileRef = A17B217D145AF27D008EEFF9 /* generate.hpp */; };
		A17B21CF145AF27D008EEFF9 /* CFDataBuffer.hpp in Headers */ = {isa = PBXBuildFile; fileRef = A17B217F145AF27D008EEFF9 /* CFDataBuffer.hpp */; };
		A17B21D0145AF27D008EEFF9 /* CFDataCache.hpp in Headers */ = {isa = PBXBuildFile; fileRef = A17B2180145AF27D008EEFF9 /* CFDataCache.hpp */; };
		A17B21D2145AF27D008EEFF9 /* JPAsyncJsonParser.mm in Sources */ = {isa = PBXBuildFile; fileRef = A17B2182145AF27D008EEFF9 /* JPAsyncJsonParser.mm */; };
		A17B21D6145AF27D008EEFF9 /* JPJsonParser.mm in Sources */ = {isa = PBXBuildFile; fileRef = A17B2186145AF27D008EEFF9 /* JPJsonParser.mm */; };
		A17B21D8145AF27D008EEFF9 /* JPJsonWriter.mm in Sources */ = {isa = PBXBuildFile; fileRef = A17B2188145AF27D008EEFF9 /* JPJsonWriter.mm */; };
		A17B21DD145AF27D008EEFF9 /* JPSemanticActions.mm in Sources */ = {isa = PBXBuildFile; fileRef = A17B218D145AF27D008EEFF9 /* JPSemanticActions.mm */; };
		A17B21DF145AF27D008EEFF9 /* JPSemanticActionsBase.mm in Sources */ = {isa = PBXBuildFile; fileRef = A17B218F145AF27D008EEFF9 /* JPSemanticActionsBase.mm */; };
		A17B21E0145AF27D008EEFF9 /* JPSemanticActionsBase_private.h in Headers */ = {isa = PBXBuildFile; fileRef = A17B2190145AF27D008EEFF9 /* JPSemanticActionsBase_private.h */; };
		A17B21E3145AF27D008EEFF9 /* JPStreamSemanticActions.mm in Sources */ = {isa = PBXBuildFile; fileRef = A17B2193145AF27D008EEFF9 /* JPStreamSemanticActions.mm */; };
		A17B21E8145AF27D008EEFF9 /* mutex.hpp in Headers */ = {isa = PBXBuildFile; fileRef = A17B2198145AF27D008EEFF9 /* mutex.hpp */; };
		A17B21EA145AF27D008EEFF9 /* NSData+JPJsonDetectEncoding.mm in Sources */ = {isa = PBXBuildFile; fileRef = A17B219A145AF27D008EEFF9 /* NSData+JPJsonDetectEncoding.mm */; };
		A17B21ED145AF27D008EEFF9 /* SemanticActions.hpp in Headers */ = {isa = PBXBuildFile; fileRef = A17B219D145AF27D008EEFF9 /* SemanticActions.hpp */; };
		A17B21EE145AF27D008EEFF9 /* SemanticActionsBase.hpp in Headers */ = {isa = PBXBuildFile; fileRef = A17B219E145AF27D008EEFF9 /* SemanticActionsBase.hpp */; };
		A17B21F0145AF27D008EEFF9 /* semaphore.hpp in Headers */ = {isa = PBXBuildFile; fileRef = A17B21A0145AF27D008EEFF9 /* semaphore.hpp */; };
		A17B21F1145AF27D008EEFF9 /* unicode_traits.hpp in Headers */ = {isa = PBXBuildFile; fileRef = A17B21A1145AF27D008EEFF9 /* unicode_traits.hpp */; };
		A17B21F2145AF27D008EEFF9 /* json_path.hpp in Headers */ = {isa = PBXBuildFile; fileRef = A17B21A3145AF27D008EEFF9 /* json_path.hpp */; };
		A17B21F3145AF27D008EEFF9 /* parse.hpp in Headers */ = {isa = PBXBuildFile; fileRef = A17B21A4145AF27D008EEFF9 /* parse.hpp */; };
		A17B21F4145AF27D008EEFF9 /* parser.hpp in Headers */ = {isa = PBXBuildFile; fileRef = A17B21A5145AF27D008EEFF9 /* parser.hpp */; };
		A17B21F5145AF27D008EEFF9 /* parser_errors.hpp in Headers */ = {isa = PBXBuildFile; fileRef = A17B21A6145AF27D008EEFF9 /* parser_errors.hpp */; };
		A17B21F6145AF27D008EEFF9 /* semantic_actions.hpp in Headers */ = {isa = PBXBuildFile; fileRef = A17B21A7145AF27D008EEFF9 /* semantic_actions.hpp */; };
		A17B21F7145AF27D008EEFF9 /* semantic_actions_base.hpp in Headers */ = {isa = PBXBuildFile; fileRef = A17B21A8145AF27D008EEFF9 /* semantic_actions_base.hpp */; };
		A17B21F8145AF27D008EEFF9 /* semantic_actions_test.hpp in Headers */ = {isa = PBXBuildFile; fileRef = A17B21A9145AF27D008EEFF9 /* semantic_actions_test.hpp */; };
		A17B21F9145AF27D008EEFF9 /* unicode_conversions.hpp in Headers */ = {isa = PBXBuildFile; fileRef = A17B21AB145AF27D008EEFF9 /* unicode_conversions.hpp */; };
		A17B21FA145AF27D008EEFF9 /* unicode_detect_bom.hpp in Headers */ = {isa = PBXBuildFile; fileRef = A17B21AC145AF27D008EEFF9 /* unicode_detect_bom.hpp */; };
		A17B21FC145AF27D008EEFF9 /* unicode_utilities.hpp in Headers */ = {isa = PBXBuildFile; fileRef = A17B21AE145AF27D008EEFF9 /* unicode_utilities.hpp */; };
		A17B21FD145AF27D008EEFF9 /* atomic.hpp in Headers */ = {isa = PBXBuildFile; fileRef = A17B21B0145AF27D008EEFF9 /* atomic.hpp */; };
		A17B2202145AF27D008EEFF9 /* flags.hpp in Headers */ = {isa = PBXBuildFile; fileRef = A17B21B5145AF27D008EEFF9 /* flags.hpp */; };
		A17B2203145AF27D008EEFF9 /* istreambuf_iterator.hpp in Headers */ = {isa = PBXBuildFile; fileRef = A17B21B6145AF27D008EEFF9 /* istreambuf_iterator.hpp */; };
		A17B2205145AF27D008EEFF9 /* number_builder.hpp in Headers */ = {isa = PBXBuildFile; fileRef = A17B21B8145AF27D008EEFF9 /* number_builder.hpp */; };
		A17B2209145AF27D008EEFF9 /* string_buffer.hpp in Headers */ = {isa = PBXBuildFile; fileRef = A17B21BC145AF27D008EEFF9 /* string_buffer.hpp */; };
		A17B220A145AF27D008EEFF9 /* string_hasher.hpp in Headers */ = {isa = PBXBuildFile; fileRef = A17B21BD145AF27D008EEFF9 /* string_hasher.hpp */; };
		A17B220C145AF27D008EEFF9 /* synchronous_queue.hpp in Headers */ = {isa = PBXBuildFile; fileRef = A17B21BF145AF27D008EEFF9 /* synchronous_queue.hpp */; };
		A17B220D145AF27D008EEFF9 /* syncqueue_streambuf.hpp in Headers */ = {isa = PBXBuildFile; fileRef = A17B21C0145AF27D008EEFF9 /* syncqueue_streambuf.hpp */; };
		A1AC1FF114430143007C2C33 /* NSData+JPJsonDetectEncoding.h in Headers */ = {isa = PBXBuildFile; fileRef = A1AC1FEF14430143007C2C33 /* NSData+JPJsonDetectEncoding.h */; settings = {ATTRIBUTES = (Public, ); }; };
/* End PBXBuildFile section */

/* Begin PBXFileReference section */
		A1485FB8144AF3BF00A88A92 /* JPSemanticActionsBase.h */ = {isa = PBXFileReference; fileEncoding = 4; lastKnownFileType = sourcecode.c.h; name = JPSemanticActionsBase.h; path = json/ObjC/JPSemanticActionsBase.h; sourceTree = "<group>"; };
		A1485FB9144AF3BF00A88A92 /* JPSemanticActionsProtocol.h */ = {isa = PBXFileReference; fileEncoding = 4; lastKnownFileType = sourcecode.c.h; name = JPSemanticActionsProtocol.h; path = json/ObjC/JPSemanticActionsProtocol.h; sourceTree = "<group>"; };
		A16AEB321441FB2700FDB7B2 /* libjson-iOS.a */ = {isa = PBXFileReference; explicitFileType = archive.ar; includeInIndex = 0; path = "libjson-iOS.a"; sourceTree = BUILT_PRODUCTS_DIR; };
		A16AEB351441FB2700FDB7B2 /* Foundation.framework */ = {isa = PBXFileReference; lastKnownFileType = wrapper.framework; name = Foundation.framework; path = System/Library/Frameworks/Foundation.framework; sourceTree = SDKROOT; };
		A16AEB391441FB2700FDB7B2 /* JPJsonLib-Prefix.pch */ = {isa = PBXFileReference; lastKnownFileType = sourcecode.c.h; path = "JPJsonLib-Prefix.pch"; sourceTree = "<group>"; };
		A16AEB421441FD2F00FDB7B2 /* JPJsonCommon.h */ = {isa = PBXFileReference; fileEncoding = 4; lastKnownFileType = sourcecode.c.h; name = JPJsonCommon.h; path = json/ObjC/JPJsonCommon.h; sourceTree = "<group>"; };
		A16AEB431441FD2F00FDB7B2 /* JPJsonParser.h */ = {isa = PBXFileReference; fileEncoding = 4; lastKnownFileType = sourcecode.c.h; lineEnding = 0; name = JPJsonParser.h; path = json/ObjC/JPJsonParser.h; sourceTree = "<group>"; };
		A16AEB441441FD2F00FDB7B2 /* JPAsyncJsonParser.h */ = {isa = PBXFileReference; fileEncoding = 4; lastKnownFileType = sourcecode.c.h; lineEnding = 0; name = JPAsyncJsonParser.h; path = json/ObjC/JPAsyncJsonParser.h; sourceTree = "<group>"; };
		A16AEB451441FD2F00FDB7B2 /* JPJsonWriter.h */ = {isa = PBXFileReference; fileEncoding = 4; lastKnownFileType = sourcecode.c.h; lineEnding = 0; name = JPJsonWriter.h; path = json/ObjC/JPJsonWriter.h; sourceTree = "<group>"; };
		A16AEB461441FD2F00FDB7B2 /* JPSemanticActions.h */ = {isa = PBXFileReference; fileEncoding = 4; lastKnownFileType = sourcecode.c.h; lineEnding = 0; name = JPSemanticActions.h; path = json/ObjC/JPSemanticActions.h; sourceTree = "<group>"; };
		A16AEB8E1441FDBE00FDB7B2 /* CoreFoundation.framework */ = {isa = PBXFileReference; lastKnownFileType = wrapper.framework; name = CoreFoundation.framework; path = System/Library/Frameworks/CoreFoundation.framework; sourceTree = SDKROOT; };
		A17B20D2145AF167008EEFF9 /* JPStreamSemanticActions.h */ = {isa = PBXFileReference; fileEncoding = 4; lastKnownFileType = sourcecode.c.h; name = JPStreamSemanticActions.h; path = json/ObjC/JPStreamSemanticActions.h; sourceTree = "<group>"; };
		A17B2179145AF27D008EEFF9 /* byte_swap.hpp */ = {isa = PBXFileReference; fileEncoding = 4; lastKnownFileType = sourcecode.cpp.h; path = byte_swap.hpp; sourceTree = "<group>"; };
		A17B217A145AF27D008EEFF9 /* byte_swap_iterator.hpp */ = {isa = PBXFileReference; fileEncoding = 4; lastKnownFileType = sourcecode.cpp.h; path = byte_swap_iterator.hpp; sourceTree = "<group>"; };
		A17B217B145AF27D008EEFF9 /* endian.hpp */ = {isa = PBXFileReference; fileEncoding = 4; lastKnownFileType = sourcecode.cpp.h; path = endian.hpp; sourceTree = "<group>"; };
		A17B217D145AF27D008EEFF9 /* generate.hpp */ = {isa = PBXFileReference; fileEncoding = 4; lastKnownFileType = sourcecode.cpp.h; path = generate.hpp; sourceTree = "<group>"; };
		A17B217F145AF27D008EEFF9 /* CFDataBuffer.hpp */ = {isa = PBXFileReference; fileEncoding = 4; lastKnownFileType = sourcecode.cpp.h; path = CFDataBuffer.hpp; sourceTree = "<group>"; xcLanguageSpecificationIdentifier = xcode.lang.cpp; };
		A17B2180145AF27D008EEFF9 /* CFDataCache.hpp */ = {isa = PBXFileReference; fileEncoding = 4; lastKnownFileType = sourcecode.cpp.h; path = CFDataCache.hpp; sourceTree = "<group>"; xcLanguageSpecificationIdentifier = xcode.lang.cpp; };
		A17B2182145AF27D008EEFF9 /* JPAsyncJsonParser.mm */ = {isa = PBXFileReference; fileEncoding = 4; lastKnownFileType = sourcecode.cpp.objcpp; path = JPAsyncJsonParser.mm; sourceTree = "<group>"; };
		A17B2186145AF27D008EEFF9 /* JPJsonParser.mm */ = {isa = PBXFileReference; fileEncoding = 4; lastKnownFileType = sourcecode.cpp.objcpp; path = JPJsonParser.mm; sourceTree = "<group>"; };
		A17B2188145AF27D008EEFF9 /* JPJsonWriter.mm */ = {isa = PBXFileReference; fileEncoding = 4; lastKnownFileType = sourcecode.cpp.objcpp; path = JPJsonWriter.mm; sourceTree = "<group>"; };
		A17B218D145AF27D008EEFF9 /* JPSemanticActions.mm */ = {isa = PBXFileReference; fileEncoding = 4; lastKnownFileType = sourcecode.cpp.objcpp; path = JPSemanticActions.mm; sourceTree = "<group>"; };
		A17B218F145AF27D008EEFF9 /* JPSemanticActionsBase.mm */ = {isa = PBXFileReference; fileEncoding = 4; lastKnownFileType = sourcecode.cpp.objcpp; path = JPSemanticActionsBase.mm; sourceTree = "<group>"; };
		A17B2190145AF27D008EEFF9 /* JPSemanticActionsBase_private.h */ = {isa = PBXFileReference; fileEncoding = 4; lastKnownFileType = sourcecode.c.h; path = JPSemanticActionsBase_private.h; sourceTree = "<group>"; };
		A17B2193145AF27D008EEFF9 /* JPStreamSemanticActions.mm */ = {isa = PBXFileReference; fileEncoding = 4; lastKnownFileType = sourcecode.cpp.objcpp; path = JPStreamSemanticActions.mm; sourceTree = "<group>"; };
		A17B2198145AF27D008EEFF9 /* mutex.hpp */ = {isa = PBXFileReference; fileEncoding = 4; lastKnownFileType = sourcecode.cpp.h; path = mutex.hpp; sourceTree = "<group>"; xcLanguageSpecificationIdentifier = xcode.lang.cpp; };
		A17B219A145AF27D008EEFF9 /* NSData+JPJsonDetectEncoding.mm */ = {isa = PBXFileReference; fileEncoding = 4; lastKnownFileType = sourcecode.cpp.objcpp; path = "NSData+JPJsonDetectEncoding.mm"; sourceTree = "<group>"; };
		A17B219D145AF27D008EEFF9 /* SemanticActions.hpp */ = {isa = PBXFileReference; fileEncoding = 4; lastKnownFileType = sourcecode.cpp.h; path = SemanticActions.hpp; sourceTree = "<group>"; };
		A17B219E145AF27D008EEFF9 /* SemanticActionsBase.hpp */ = {isa = PBXFileReference; fileEncoding = 4; lastKnownFileType = sourcecode.cpp.h; path = SemanticActionsBase.hpp; sourceTree = "<group>"; };
		A17B21A0145AF27D008EEFF9 /* semaphore.hpp */ = {isa = PBXFileReference; fileEncoding = 4; lastKnownFileType = sourcecode.cpp.h; path = semaphore.hpp; sourceTree = "<group>"; };
		A17B21A1145AF27D008EEFF9 /* unicode_traits.hpp */ = {isa = PBXFileReference; fileEncoding = 4; lastKnownFileType = sourcecode.cpp.h; path = unicode_traits.hpp; sourceTree = "<group>"; };
		A17B21A3145AF27D008EEFF9 /* json_path.hpp */ = {isa = PBXFileReference; fileEncoding = 4; lastKnownFileType = sourcecode.cpp.h; path = json_path.hpp; sourceTree = "<group>"; };
		A17B21A4145AF27D008EEFF9 /* parse.hpp */ = {isa = PBXFileReference; fileEncoding = 4; lastKnownFileType = sourcecode.cpp.h; path = parse.hpp; sourceTree = "<group>"; };
		A17B21A5145AF27D008EEFF9 /* parser.hpp */ = {isa = PBXFileReference; fileEncoding = 4; lastKnownFileType = sourcecode.cpp.h; path = parser.hpp; sourceTree = "<group>"; };
		A17B21A6145AF27D008EEFF9 /* parser_errors.hpp */ = {isa = PBXFileReference; fileEncoding = 4; lastKnownFileType = sourcecode.cpp.h; path = parser_errors.hpp; sourceTree = "<group>"; xcLanguageSpecificationIdentifier = xcode.lang.cpp; };
		A17B21A7145AF27D008EEFF9 /* semantic_actions.hpp */ = {isa = PBXFileReference; fileEncoding = 4; lastKnownFileType = sourcecode.cpp.h; path = semantic_actions.hpp; sourceTree = "<group>"; };
		A17B21A8145AF27D008EEFF9 /* semantic_actions_base.hpp */ = {isa = PBXFileReference; fileEncoding = 4; lastKnownFileType = sourcecode.cpp.h; path = semantic_actions_base.hpp; sourceTree = "<group>"; };
		A17B21A9145AF27D008EEFF9 /* semantic_actions_test.hpp */ = {isa = PBXFileReference; fileEncoding = 4; lastKnownFileType = sourcecode.cpp.h; path = semantic_actions_test.hpp; sourceTree = "<group>"; };
		A17B21AB145AF27D008EEFF9 /* unicode_conversions.hpp */ = {isa = PBXFileReference; fileEncoding = 4; lastKnownFileType = sourcecode.cpp.h; path = unicode_conversions.hpp; sourceTree = "<group>"; };
		A17B21AC145AF27D008EEFF9 /* unicode_detect_bom.hpp */ = {isa = PBXFileReference; fileEncoding = 4; lastKnownFileType = sourcecode.cpp.h; path = unicode_detect_bom.hpp; sourceTree = "<group>"; };
		A17B21AE145AF27D008EEFF9 /* unicode_utilities.hpp */ = {isa = PBXFileReference; fileEncoding = 4; lastKnownFileType = sourcecode.cpp.h; path = unicode_utilities.hpp; sourceTree = "<group>"; };
		A17B21B0145AF27D008EEFF9 /* atomic.hpp */ = {isa = PBXFileReference; fileEncoding = 4; lastKnownFileType = sourcecode.cpp.h; path = atomic.hpp; sourceTree = "<group>"; };
		A17B21B5145AF27D008EEFF9 /* flags.hpp */ = {isa = PBXFileReference; fileEncoding = 4; lastKnownFileType = sourcecode.cpp.h; path = flags.hpp; sourceTree = "<group>"; };
		A17B21B6145AF27D008EEFF9 /* istreambuf_iterator.hpp */ = {isa = PBXFileReference; fileEncoding = 4; lastKnownFileType = sourcecode.cpp.h; path = istreambuf_iterator.hpp; sourceTree = "<group>"; };
		A17B21B8145AF27D008EEFF9 /* number_builder.hpp */ = {isa = PBXFileReference; fileEncoding = 4; lastKnownFileType = sourcecode.cpp.h; path = number_builder.hpp; sourceTree = "<group>"; };
		A17B21BB145AF27D008EEFF9 /* simple_log.hpp */ = {isa = PBXFileReference; fileEncoding = 4; lastKnownFileType = sourcecode.cpp.h; path = simple_log.hpp; sourceTree = "<group>"; };
		A17B21BC145AF27D008EEFF9 /* string_buffer.hpp */ = {isa = PBXFileReference; fileEncoding = 4; lastKnownFileType = sourcecode.cpp.h; path = string_buffer.hpp; sourceTree = "<group>"; xcLanguageSpecificationIdentifier = xcode.lang.cpp; };
		A17B21BD145AF27D008EEFF9 /* string_hasher.hpp */ = {isa = PBXFileReference; fileEncoding = 4; lastKnownFileType = sourcecode.cpp.h; path = string_hasher.hpp; sourceTree = "<group>"; };
		A17B21BF145AF27D008EEFF9 /* synchronous_queue.hpp */ = {isa = PBXFileReference; fileEncoding = 4; lastKnownFileType = sourcecode.cpp.h; path = synchronous_queue.hpp; sourceTree = "<group>"; };
		A17B21C0145AF27D008EEFF9 /* syncqueue_streambuf.hpp */ = {isa = PBXFileReference; fileEncoding = 4; lastKnownFileType = sourcecode.cpp.h; path = syncqueue_streambuf.hpp; sourceTree = "<group>"; };
		A1AC1FEF14430143007C2C33 /* NSData+JPJsonDetectEncoding.h */ = {isa = PBXFileReference; fileEncoding = 4; lastKnownFileType = sourcecode.c.h; name = "NSData+JPJsonDetectEncoding.h"; path = "json/ObjC/NSData+JPJsonDetectEncoding.h"; sourceTree = "<group>"; };
/* End PBXFileReference section */

/* Begin PBXFrameworksBuildPhase section */
		A16AEB2F1441FB2700FDB7B2 /* Frameworks */ = {
			isa = PBXFrameworksBuildPhase;
			buildActionMask = 2147483647;
			files = (
				A16AEB8F1441FDBE00FDB7B2 /* CoreFoundation.framework in Frameworks */,
				A16AEB361441FB2700FDB7B2 /* Foundation.framework in Frameworks */,
			);
			runOnlyForDeploymentPostprocessing = 0;
		};
/* End PBXFrameworksBuildPhase section */

/* Begin PBXGroup section */
		A16AEB251441FB0300FDB7B2 = {
			isa = PBXGroup;
			children = (
				A16AEB371441FB2700FDB7B2 /* JPJsonLib */,
				A16AEB341441FB2700FDB7B2 /* Frameworks */,
				A16AEB331441FB2700FDB7B2 /* Products */,
			);
			sourceTree = "<group>";
		};
		A16AEB331441FB2700FDB7B2 /* Products */ = {
			isa = PBXGroup;
			children = (
				A16AEB321441FB2700FDB7B2 /* libjson-iOS.a */,
			);
			name = Products;
			sourceTree = "<group>";
		};
		A16AEB341441FB2700FDB7B2 /* Frameworks */ = {
			isa = PBXGroup;
			children = (
				A16AEB8E1441FDBE00FDB7B2 /* CoreFoundation.framework */,
				A16AEB351441FB2700FDB7B2 /* Foundation.framework */,
			);
			name = Frameworks;
			sourceTree = "<group>";
		};
		A16AEB371441FB2700FDB7B2 /* JPJsonLib */ = {
			isa = PBXGroup;
			children = (
				A16AEB411441FD2F00FDB7B2 /* Exported Headers */,
				A17B2176145AF27C008EEFF9 /* json */,
				A16AEB381441FB2700FDB7B2 /* Supporting Files */,
			);
			name = JPJsonLib;
			sourceTree = JP_ROOT;
		};
		A16AEB381441FB2700FDB7B2 /* Supporting Files */ = {
			isa = PBXGroup;
			children = (
				A16AEB391441FB2700FDB7B2 /* JPJsonLib-Prefix.pch */,
			);
			name = "Supporting Files";
			sourceTree = "<group>";
		};
		A16AEB411441FD2F00FDB7B2 /* Exported Headers */ = {
			isa = PBXGroup;
			children = (
				A16AEB421441FD2F00FDB7B2 /* JPJsonCommon.h */,
				A1485FB9144AF3BF00A88A92 /* JPSemanticActionsProtocol.h */,
				A1485FB8144AF3BF00A88A92 /* JPSemanticActionsBase.h */,
				A17B20D2145AF167008EEFF9 /* JPStreamSemanticActions.h */,
				A16AEB461441FD2F00FDB7B2 /* JPSemanticActions.h */,
				A16AEB431441FD2F00FDB7B2 /* JPJsonParser.h */,
				A16AEB441441FD2F00FDB7B2 /* JPAsyncJsonParser.h */,
				A16AEB451441FD2F00FDB7B2 /* JPJsonWriter.h */,
				A1AC1FEF14430143007C2C33 /* NSData+JPJsonDetectEncoding.h */,
			);
			name = "Exported Headers";
			sourceTree = "<group>";
		};
		A17B2176145AF27C008EEFF9 /* json */ = {
			isa = PBXGroup;
			children = (
				A17B2178145AF27D008EEFF9 /* endian */,
				A17B21AF145AF27D008EEFF9 /* utility */,
				A17B21AA145AF27D008EEFF9 /* unicode */,
				A17B217C145AF27D008EEFF9 /* generator */,
				A17B21A2145AF27D008EEFF9 /* parser */,
				A17B217E145AF27D008EEFF9 /* ObjC */,
			);
			path = json;
			sourceTree = "<group>";
		};
		A17B2178145AF27D008EEFF9 /* endian */ = {
			isa = PBXGroup;
			children = (
				A17B2179145AF27D008EEFF9 /* byte_swap.hpp */,
				A17B217A145AF27D008EEFF9 /* byte_swap_iterator.hpp */,
				A17B217B145AF27D008EEFF9 /* endian.hpp */,
			);
			path = endian;
			sourceTree = "<group>";
		};
		A17B217C145AF27D008EEFF9 /* generator */ = {
			isa = PBXGroup;
			children = (
				A17B217D145AF27D008EEFF9 /* generate.hpp */,
			);
			path = generator;
			sourceTree = "<group>";
		};
		A17B217E145AF27D008EEFF9 /* ObjC */ = {
			isa = PBXGroup;
			children = (
				A17B217F145AF27D008EEFF9 /* CFDataBuffer.hpp */,
				A17B2180145AF27D008EEFF9 /* CFDataCache.hpp */,
				A17B2182145AF27D008EEFF9 /* JPAsyncJsonParser.mm */,
				A17B2186145AF27D008EEFF9 /* JPJsonParser.mm */,
				A17B2188145AF27D008EEFF9 /* JPJsonWriter.mm */,
				A17B218D145AF27D008EEFF9 /* JPSemanticActions.mm */,
				A17B218F145AF27D008EEFF9 /* JPSemanticActionsBase.mm */,
				A17B2190145AF27D008EEFF9 /* JPSemanticActionsBase_private.h */,
				A17B2193145AF27D008EEFF9 /* JPStreamSemanticActions.mm */,
				A17B2198145AF27D008EEFF9 /* mutex.hpp */,
				A17B219A145AF27D008EEFF9 /* NSData+JPJsonDetectEncoding.mm */,
				A17B219D145AF27D008EEFF9 /* SemanticActions.hpp */,
				A17B219E145AF27D008EEFF9 /* SemanticActionsBase.hpp */,
				A17B21A0145AF27D008EEFF9 /* semaphore.hpp */,
				A17B21A1145AF27D008EEFF9 /* unicode_traits.hpp */,
			);
			path = ObjC;
			sourceTree = "<group>";
		};
		A17B21A2145AF27D008EEFF9 /* parser */ = {
			isa = PBXGroup;
			children = (
				A17B21A3145AF27D008EEFF9 /* json_path.hpp */,
				A17B21A4145AF27D008EEFF9 /* parse.hpp */,
				A17B21A5145AF27D008EEFF9 /* parser.hpp */,
				A17B21A6145AF27D008EEFF9 /* parser_errors.hpp */,
				A17B21A7145AF27D008EEFF9 /* semantic_actions.hpp */,
				A17B21A8145AF27D008EEFF9 /* semantic_actions_base.hpp */,
				A17B21A9145AF27D008EEFF9 /* semantic_actions_test.hpp */,
			);
			path = parser;
			sourceTree = "<group>";
		};
		A17B21AA145AF27D008EEFF9 /* unicode */ = {
			isa = PBXGroup;
			children = (
				A17B21AB145AF27D008EEFF9 /* unicode_conversions.hpp */,
				A17B21AC145AF27D008EEFF9 /* unicode_detect_bom.hpp */,
				A17B21AE145AF27D008EEFF9 /* unicode_utilities.hpp */,
			);
			path = unicode;
			sourceTree = "<group>";
		};
		A17B21AF145AF27D008EEFF9 /* utility */ = {
			isa = PBXGroup;
			children = (
				A17B21B0145AF27D008EEFF9 /* atomic.hpp */,
				A17B21B5145AF27D008EEFF9 /* flags.hpp */,
				A17B21B6145AF27D008EEFF9 /* istreambuf_iterator.hpp */,
				A17B21B8145AF27D008EEFF9 /* number_builder.hpp */,
				A17B21BB145AF27D008EEFF9 /* simple_log.hpp */,
				A17B21BC145AF27D008EEFF9 /* string_buffer.hpp */,
				A17B21BD145AF27D008EEFF9 /* string_hasher.hpp */,
				A17B21BF145AF27D008EEFF9 /* synchronous_queue.hpp */,
				A17B21C0145AF27D008EEFF9 /* syncqueue_streambuf.hpp */,
			);
			path = utility;
			sourceTree = "<group>";
		};
/* End PBXGroup section */

/* Begin PBXHeadersBuildPhase section */
		A16AEB301441FB2700FDB7B2 /* Headers */ = {
			isa = PBXHeadersBuildPhase;
			buildActionMask = 2147483647;
			files = (
				A16AEB471441FD2F00FDB7B2 /* JPJsonCommon.h in Headers */,
				A16AEB481441FD2F00FDB7B2 /* JPJsonParser.h in Headers */,
				A16AEB491441FD2F00FDB7B2 /* JPAsyncJsonParser.h in Headers */,
				A16AEB4A1441FD2F00FDB7B2 /* JPJsonWriter.h in Headers */,
				A16AEB4B1441FD2F00FDB7B2 /* JPSemanticActions.h in Headers */,
				A17B20D3145AF167008EEFF9 /* JPStreamSemanticActions.h in Headers */,
				A1AC1FF114430143007C2C33 /* NSData+JPJsonDetectEncoding.h in Headers */,
				A1485FBA144AF3BF00A88A92 /* JPSemanticActionsBase.h in Headers */,
				A1485FBB144AF3BF00A88A92 /* JPSemanticActionsProtocol.h in Headers */,
				A17B21CB145AF27D008EEFF9 /* byte_swap.hpp in Headers */,
				A17B21CC145AF27D008EEFF9 /* byte_swap_iterator.hpp in Headers */,
				A17B21CD145AF27D008EEFF9 /* endian.hpp in Headers */,
				A17B21CE145AF27D008EEFF9 /* generate.hpp in Headers */,
				A17B21CF145AF27D008EEFF9 /* CFDataBuffer.hpp in Headers */,
				A17B21D0145AF27D008EEFF9 /* CFDataCache.hpp in Headers */,
				A17B21E0145AF27D008EEFF9 /* JPSemanticActionsBase_private.h in Headers */,
				A17B21E8145AF27D008EEFF9 /* mutex.hpp in Headers */,
				A17B21ED145AF27D008EEFF9 /* SemanticActions.hpp in Headers */,
				A17B21EE145AF27D008EEFF9 /* SemanticActionsBase.hpp in Headers */,
				A17B21F0145AF27D008EEFF9 /* semaphore.hpp in Headers */,
				A17B21F1145AF27D008EEFF9 /* unicode_traits.hpp in Headers */,
				A17B21F2145AF27D008EEFF9 /* json_path.hpp in Headers */,
				A17B21F3145AF27D008EEFF9 /* parse.hpp in Headers */,
				A17B21F4145AF27D008EEFF9 /* parser.hpp in Headers */,
				A17B21F5145AF27D008EEFF9 /* parser_errors.hpp in Headers */,
				A17B21F6145AF27D008EEFF9 /* semantic_actions.hpp in Headers */,
				A17B21F7145AF27D008EEFF9 /* semantic_actions_base.hpp in Headers */,
				A17B21F8145AF27D008EEFF9 /* semantic_actions_test.hpp in Headers */,
				A17B21F9145AF27D008EEFF9 /* unicode_conversions.hpp in Headers */,
				A17B21FA145AF27D008EEFF9 /* unicode_detect_bom.hpp in Headers */,
				A17B21FC145AF27D008EEFF9 /* unicode_utilities.hpp in Headers */,
				A17B21FD145AF27D008EEFF9 /* atomic.hpp in Headers */,
				A17B2202145AF27D008EEFF9 /* flags.hpp in Headers */,
				A17B2203145AF27D008EEFF9 /* istreambuf_iterator.hpp in Headers */,
				A17B2205145AF27D008EEFF9 /* number_builder.hpp in Headers */,
				A17B2209145AF27D008EEFF9 /* string_buffer.hpp in Headers */,
				A17B220A145AF27D008EEFF9 /* string_hasher.hpp in Headers */,
				A17B220C145AF27D008EEFF9 /* synchronous_queue.hpp in Headers */,
				A17B220D145AF27D008EEFF9 /* syncqueue_streambuf.hpp in Headers */,
			);
			runOnlyForDeploymentPostprocessing = 0;
		};
/* End PBXHeadersBuildPhase section */

/* Begin PBXNativeTarget section */
		A16AEB311441FB2700FDB7B2 /* JPJsonLib */ = {
			isa = PBXNativeTarget;
			buildConfigurationList = A16AEB3D1441FB2700FDB7B2 /* Build configuration list for PBXNativeTarget "JPJsonLib" */;
			buildPhases = (
				A16AEB2E1441FB2700FDB7B2 /* Sources */,
				A16AEB2F1441FB2700FDB7B2 /* Frameworks */,
				A16AEB301441FB2700FDB7B2 /* Headers */,
			);
			buildRules = (
			);
			dependencies = (
			);
			name = JPJsonLib;
			productName = JPJsonLib;
			productReference = A16AEB321441FB2700FDB7B2 /* libjson-iOS.a */;
			productType = "com.apple.product-type.library.static";
		};
/* End PBXNativeTarget section */

/* Begin PBXProject section */
		A16AEB271441FB0300FDB7B2 /* Project object */ = {
			isa = PBXProject;
			attributes = {
				LastUpgradeCheck = 0420;
			};
			buildConfigurationList = A16AEB2A1441FB0300FDB7B2 /* Build configuration list for PBXProject "iOS Libraries" */;
			compatibilityVersion = "Xcode 3.2";
			developmentRegion = English;
			hasScannedForEncodings = 0;
			knownRegions = (
				en,
			);
			mainGroup = A16AEB251441FB0300FDB7B2;
			productRefGroup = A16AEB331441FB2700FDB7B2 /* Products */;
			projectDirPath = "";
			projectRoot = "";
			targets = (
				A16AEB311441FB2700FDB7B2 /* JPJsonLib */,
			);
		};
/* End PBXProject section */

/* Begin PBXSourcesBuildPhase section */
		A16AEB2E1441FB2700FDB7B2 /* Sources */ = {
			isa = PBXSourcesBuildPhase;
			buildActionMask = 2147483647;
			files = (
				A17B21D2145AF27D008EEFF9 /* JPAsyncJsonParser.mm in Sources */,
				A17B21D6145AF27D008EEFF9 /* JPJsonParser.mm in Sources */,
				A17B21D8145AF27D008EEFF9 /* JPJsonWriter.mm in Sources */,
				A17B21DD145AF27D008EEFF9 /* JPSemanticActions.mm in Sources */,
				A17B21DF145AF27D008EEFF9 /* JPSemanticActionsBase.mm in Sources */,
				A17B21E3145AF27D008EEFF9 /* JPStreamSemanticActions.mm in Sources */,
				A17B21EA145AF27D008EEFF9 /* NSData+JPJsonDetectEncoding.mm in Sources */,
			);
			runOnlyForDeploymentPostprocessing = 0;
		};
/* End PBXSourcesBuildPhase section */

/* Begin XCBuildConfiguration section */
		A16AEB2C1441FB0300FDB7B2 /* Debug */ = {
			isa = XCBuildConfiguration;
			buildSettings = {
				ARCHS = (
					armv6,
					"$(ARCHS_STANDARD_32_BIT)",
				);
				GCC_PREPROCESSOR_DEFINITIONS = BOOST_STRICT_CONFIG;
				SDKROOT = iphoneos;
			};
			name = Debug;
		};
		A16AEB2D1441FB0300FDB7B2 /* Release */ = {
			isa = XCBuildConfiguration;
			buildSettings = {
				ARCHS = (
					armv6,
					"$(ARCHS_STANDARD_32_BIT)",
				);
				GCC_PREPROCESSOR_DEFINITIONS = BOOST_STRICT_CONFIG;
				SDKROOT = iphoneos;
			};
			name = Release;
		};
		A16AEB3E1441FB2700FDB7B2 /* Debug */ = {
			isa = XCBuildConfiguration;
			buildSettings = {
				ALWAYS_SEARCH_USER_PATHS = NO;
				ARCHS = (
					armv6,
					"$(ARCHS_STANDARD_32_BIT)",
				);
				COPY_PHASE_STRIP = NO;
				DSTROOT = /tmp/JPJsonLib.dst;
				GCC_C_LANGUAGE_STANDARD = gnu99;
				GCC_DYNAMIC_NO_PIC = NO;
				GCC_OPTIMIZATION_LEVEL = 0;
				GCC_PRECOMPILE_PREFIX_HEADER = YES;
				GCC_PREFIX_HEADER = "JPJsonLib/JPJsonLib-Prefix.pch";
				GCC_PREPROCESSOR_DEFINITIONS = (
					"$(inherited)",
					"DEBUG=1",
				);
				GCC_SYMBOLS_PRIVATE_EXTERN = NO;
				GCC_VERSION = com.apple.compilers.llvm.clang.1_0;
				GCC_WARN_ABOUT_MISSING_PROTOTYPES = YES;
				GCC_WARN_ABOUT_RETURN_TYPE = YES;
				GCC_WARN_UNUSED_VARIABLE = YES;
				HEADER_SEARCH_PATHS = (
					"$(JP_ROOT)",
					"$(BOOST_ROOT)",
				);
				INSTALL_PATH = "$(BUILT_PRODUCTS_DIR)";
				IPHONEOS_DEPLOYMENT_TARGET = 4.2;
				OTHER_LDFLAGS = "-ObjC";
				PRODUCT_NAME = "json-iOS";
				PUBLIC_HEADERS_FOLDER_PATH = JPJson;
				SKIP_INSTALL = YES;
			};
			name = Debug;
		};
		A16AEB3F1441FB2700FDB7B2 /* Release */ = {
			isa = XCBuildConfiguration;
			buildSettings = {
				ALWAYS_SEARCH_USER_PATHS = NO;
				ARCHS = (
					armv6,
					"$(ARCHS_STANDARD_32_BIT)",
				);
				COPY_PHASE_STRIP = YES;
				DSTROOT = /tmp/JPJsonLib.dst;
				GCC_C_LANGUAGE_STANDARD = gnu99;
				GCC_OPTIMIZATION_LEVEL = 3;
				GCC_PRECOMPILE_PREFIX_HEADER = YES;
				GCC_PREFIX_HEADER = "JPJsonLib/JPJsonLib-Prefix.pch";
				GCC_PREPROCESSOR_DEFINITIONS = (
					"$(inherited)",
					NDEBUG,
					NS_BLOCK_ASSERTIONS,
				);
				GCC_VERSION = com.apple.compilers.llvm.clang.1_0;
				GCC_WARN_ABOUT_MISSING_PROTOTYPES = YES;
				GCC_WARN_ABOUT_RETURN_TYPE = YES;
				GCC_WARN_UNUSED_VARIABLE = YES;
				HEADER_SEARCH_PATHS = (
					"$(JP_ROOT)",
					"$(BOOST_ROOT)",
				);
				INSTALL_PATH = "$(BUILT_PRODUCTS_DIR)";
				IPHONEOS_DEPLOYMENT_TARGET = 4.2;
				OTHER_LDFLAGS = "-ObjC";
				PRODUCT_NAME = "json-iOS";
				PUBLIC_HEADERS_FOLDER_PATH = JPJson;
				SKIP_INSTALL = YES;
				VALIDATE_PRODUCT = YES;
			};
			name = Release;
		};
/* End XCBuildConfiguration section */

/* Begin XCConfigurationList section */
		A16AEB2A1441FB0300FDB7B2 /* Build configuration list for PBXProject "iOS Libraries" */ = {
			isa = XCConfigurationList;
			buildConfigurations = (
				A16AEB2C1441FB0300FDB7B2 /* Debug */,
				A16AEB2D1441FB0300FDB7B2 /* Release */,
			);
			defaultConfigurationIsVisible = 0;
			defaultConfigurationName = Release;
		};
		A16AEB3D1441FB2700FDB7B2 /* Build configuration list for PBXNativeTarget "JPJsonLib" */ = {
			isa = XCConfigurationList;
			buildConfigurations = (
				A16AEB3E1441FB2700FDB7B2 /* Debug */,
				A16AEB3F1441FB2700FDB7B2 /* Release */,
			);
			defaultConfigurationIsVisible = 0;
			defaultConfigurationName = Release;
		};
/* End XCConfigurationList section */
	};
	rootObject = A16AEB271441FB0300FDB7B2 /* Project object */;
}
