// !$*UTF8*$!
{
	archiveVersion = 1;
	classes = {
	};
	objectVersion = 46;
	objects = {

/* Begin PBXBuildFile section */
		A125E034156FBF2A006EB6FD /* JSONKit.m in Sources */ = {isa = PBXBuildFile; fileRef = A125E031156FBF2A006EB6FD /* JSONKit.m */; };
		A138814113D0D57B0006461E /* UIKit.framework in Frameworks */ = {isa = PBXBuildFile; fileRef = A138814013D0D57B0006461E /* UIKit.framework */; };
		A138814313D0D57B0006461E /* Foundation.framework in Frameworks */ = {isa = PBXBuildFile; fileRef = A138814213D0D57B0006461E /* Foundation.framework */; };
		A138814513D0D57B0006461E /* CoreGraphics.framework in Frameworks */ = {isa = PBXBuildFile; fileRef = A138814413D0D57B0006461E /* CoreGraphics.framework */; };
		A138814B13D0D57B0006461E /* InfoPlist.strings in Resources */ = {isa = PBXBuildFile; fileRef = A138814913D0D57B0006461E /* InfoPlist.strings */; };
		A138814E13D0D57B0006461E /* main.m in Sources */ = {isa = PBXBuildFile; fileRef = A138814D13D0D57B0006461E /* main.m */; };
		A138815113D0D57B0006461E /* JPBenchAppAppDelegate.m in Sources */ = {isa = PBXBuildFile; fileRef = A138815013D0D57B0006461E /* JPBenchAppAppDelegate.m */; };
		A138815413D0D57B0006461E /* MainWindow.xib in Resources */ = {isa = PBXBuildFile; fileRef = A138815213D0D57B0006461E /* MainWindow.xib */; };
		A138815713D0D57B0006461E /* JPBenchAppViewController.mm in Sources */ = {isa = PBXBuildFile; fileRef = A138815613D0D57B0006461E /* JPBenchAppViewController.mm */; };
		A138815A13D0D57B0006461E /* JPBenchAppViewController.xib in Resources */ = {isa = PBXBuildFile; fileRef = A138815813D0D57B0006461E /* JPBenchAppViewController.xib */; };
		A156BE94146C181400BE6E82 /* Test-UTF8-esc.json in Resources */ = {isa = PBXBuildFile; fileRef = A156BE93146C181400BE6E82 /* Test-UTF8-esc.json */; };
		A167D83A146C3CD300C7FAD3 /* timer.cpp in Sources */ = {isa = PBXBuildFile; fileRef = A167D838146C3CD300C7FAD3 /* timer.cpp */; };
		A18A705D1512292000FEB03C /* Test-UTF8.json in Resources */ = {isa = PBXBuildFile; fileRef = A18A705C1512292000FEB03C /* Test-UTF8.json */; };
		A1B0AE5F15B1E90500E0C685 /* JPJson iOS Libraries.xcodeproj in Resources */ = {isa = PBXBuildFile; fileRef = A1B0AE5E15B1E90500E0C685 /* JPJson iOS Libraries.xcodeproj */; };
		A1B0AE6715B1E9E400E0C685 /* libjson-iOS.a in Frameworks */ = {isa = PBXBuildFile; fileRef = A1B0AE6615B1E9E400E0C685 /* libjson-iOS.a */; };
		A1FAF1DD143F225500CD2CCB /* UIDevice-Hardware.m in Sources */ = {isa = PBXBuildFile; fileRef = A1FAF1DC143F225500CD2CCB /* UIDevice-Hardware.m */; };
/* End PBXBuildFile section */

/* Begin PBXFileReference section */
		A125E02F156FBF2A006EB6FD /* CHANGELOG.md */ = {isa = PBXFileReference; fileEncoding = 4; lastKnownFileType = text; path = CHANGELOG.md; sourceTree = "<group>"; };
		A125E030156FBF2A006EB6FD /* JSONKit.h */ = {isa = PBXFileReference; fileEncoding = 4; lastKnownFileType = sourcecode.c.h; path = JSONKit.h; sourceTree = "<group>"; };
		A125E031156FBF2A006EB6FD /* JSONKit.m */ = {isa = PBXFileReference; fileEncoding = 4; lastKnownFileType = sourcecode.c.objc; path = JSONKit.m; sourceTree = "<group>"; };
		A125E032156FBF2A006EB6FD /* README.md */ = {isa = PBXFileReference; fileEncoding = 4; lastKnownFileType = text; path = README.md; sourceTree = "<group>"; };
		A138813C13D0D57B0006461E /* JPBenchApp.app */ = {isa = PBXFileReference; explicitFileType = wrapper.application; includeInIndex = 0; path = JPBenchApp.app; sourceTree = BUILT_PRODUCTS_DIR; };
		A138814013D0D57B0006461E /* UIKit.framework */ = {isa = PBXFileReference; lastKnownFileType = wrapper.framework; name = UIKit.framework; path = System/Library/Frameworks/UIKit.framework; sourceTree = SDKROOT; };
		A138814213D0D57B0006461E /* Foundation.framework */ = {isa = PBXFileReference; lastKnownFileType = wrapper.framework; name = Foundation.framework; path = System/Library/Frameworks/Foundation.framework; sourceTree = SDKROOT; };
		A138814413D0D57B0006461E /* CoreGraphics.framework */ = {isa = PBXFileReference; lastKnownFileType = wrapper.framework; name = CoreGraphics.framework; path = System/Library/Frameworks/CoreGraphics.framework; sourceTree = SDKROOT; };
		A138814813D0D57B0006461E /* JPBenchApp-Info.plist */ = {isa = PBXFileReference; lastKnownFileType = text.plist.xml; path = "JPBenchApp-Info.plist"; sourceTree = "<group>"; };
		A138814A13D0D57B0006461E /* en */ = {isa = PBXFileReference; lastKnownFileType = text.plist.strings; name = en; path = en.lproj/InfoPlist.strings; sourceTree = "<group>"; };
		A138814C13D0D57B0006461E /* JPBenchApp-Prefix.pch */ = {isa = PBXFileReference; lastKnownFileType = sourcecode.c.h; path = "JPBenchApp-Prefix.pch"; sourceTree = "<group>"; };
		A138814D13D0D57B0006461E /* main.m */ = {isa = PBXFileReference; lastKnownFileType = sourcecode.c.objc; lineEnding = 0; path = main.m; sourceTree = "<group>"; xcLanguageSpecificationIdentifier = xcode.lang.objc; };
		A138814F13D0D57B0006461E /* JPBenchAppAppDelegate.h */ = {isa = PBXFileReference; lastKnownFileType = sourcecode.c.h; lineEnding = 0; path = JPBenchAppAppDelegate.h; sourceTree = "<group>"; xcLanguageSpecificationIdentifier = xcode.lang.objcpp; };
		A138815013D0D57B0006461E /* JPBenchAppAppDelegate.m */ = {isa = PBXFileReference; lastKnownFileType = sourcecode.c.objc; lineEnding = 0; path = JPBenchAppAppDelegate.m; sourceTree = "<group>"; xcLanguageSpecificationIdentifier = xcode.lang.objc; };
		A138815313D0D57B0006461E /* en */ = {isa = PBXFileReference; lastKnownFileType = file.xib; name = en; path = en.lproj/MainWindow.xib; sourceTree = "<group>"; };
		A138815513D0D57B0006461E /* JPBenchAppViewController.h */ = {isa = PBXFileReference; lastKnownFileType = sourcecode.c.h; lineEnding = 0; path = JPBenchAppViewController.h; sourceTree = "<group>"; xcLanguageSpecificationIdentifier = xcode.lang.objcpp; };
		A138815613D0D57B0006461E /* JPBenchAppViewController.mm */ = {isa = PBXFileReference; lastKnownFileType = sourcecode.cpp.objcpp; lineEnding = 0; path = JPBenchAppViewController.mm; sourceTree = "<group>"; xcLanguageSpecificationIdentifier = xcode.lang.objcpp; };
		A138815913D0D57B0006461E /* en */ = {isa = PBXFileReference; lastKnownFileType = file.xib; name = en; path = en.lproj/JPBenchAppViewController.xib; sourceTree = "<group>"; };
		A156BE93146C181400BE6E82 /* Test-UTF8-esc.json */ = {isa = PBXFileReference; fileEncoding = 4; lastKnownFileType = text.json; name = "Test-UTF8-esc.json"; path = "../../../Resources/Test-UTF8-esc.json"; sourceTree = "<group>"; };
		A167D838146C3CD300C7FAD3 /* timer.cpp */ = {isa = PBXFileReference; fileEncoding = 4; lastKnownFileType = sourcecode.cpp.cpp; path = timer.cpp; sourceTree = "<group>"; };
		A167D839146C3CD300C7FAD3 /* timer.hpp */ = {isa = PBXFileReference; fileEncoding = 4; lastKnownFileType = sourcecode.cpp.h; path = timer.hpp; sourceTree = "<group>"; };
		A17DD7B7146AE95B000AD974 /* timer.cpp */ = {isa = PBXFileReference; fileEncoding = 4; lastKnownFileType = sourcecode.cpp.cpp; name = timer.cpp; path = ../../../../Source/utilities/timer.cpp; sourceTree = "<group>"; };
		A17DD7B8146AE95B000AD974 /* timer.hpp */ = {isa = PBXFileReference; fileEncoding = 4; lastKnownFileType = sourcecode.cpp.h; name = timer.hpp; path = ../../../../Source/utilities/timer.hpp; sourceTree = "<group>"; };
		A18A705A1511F9E000FEB03C /* debug.xcconfig */ = {isa = PBXFileReference; lastKnownFileType = text.xcconfig; path = debug.xcconfig; sourceTree = "<group>"; };
		A18A705B1511F9EE00FEB03C /* release.xcconfig */ = {isa = PBXFileReference; lastKnownFileType = text.xcconfig; path = release.xcconfig; sourceTree = "<group>"; };
		A18A705C1512292000FEB03C /* Test-UTF8.json */ = {isa = PBXFileReference; fileEncoding = 4; lastKnownFileType = text.json; name = "Test-UTF8.json"; path = "../../../Resources/Test-UTF8.json"; sourceTree = "<group>"; };
		A1AC40231577BAB500AE34CC /* random.json */ = {isa = PBXFileReference; fileEncoding = 4; lastKnownFileType = text.json; name = random.json; path = ../../../Resources/random.json; sourceTree = "<group>"; };
		A1B0AE5E15B1E90500E0C685 /* JPJson iOS Libraries.xcodeproj */ = {isa = PBXFileReference; lastKnownFileType = file; name = "JPJson iOS Libraries.xcodeproj"; path = "../../../Libraries/iOS Libraries/JPJson iOS Libraries.xcodeproj"; sourceTree = "<group>"; };
		A1B0AE6615B1E9E400E0C685 /* libjson-iOS.a */ = {isa = PBXFileReference; lastKnownFileType = file; name = "libjson-iOS.a"; path = "../../../Libraries/iOS Libraries/build/Release-iphoneos/libjson-iOS.a"; sourceTree = "<group>"; };
		A1FAF1DB143F225500CD2CCB /* UIDevice-Hardware.h */ = {isa = PBXFileReference; fileEncoding = 4; lastKnownFileType = sourcecode.c.h; name = "UIDevice-Hardware.h"; path = "../UIDevice-Hardware.h"; sourceTree = "<group>"; };
		A1FAF1DC143F225500CD2CCB /* UIDevice-Hardware.m */ = {isa = PBXFileReference; fileEncoding = 4; lastKnownFileType = sourcecode.c.objc; name = "UIDevice-Hardware.m"; path = "../UIDevice-Hardware.m"; sourceTree = "<group>"; };
/* End PBXFileReference section */

/* Begin PBXFrameworksBuildPhase section */
		A138813913D0D57B0006461E /* Frameworks */ = {
			isa = PBXFrameworksBuildPhase;
			buildActionMask = 2147483647;
			files = (
				A1B0AE6715B1E9E400E0C685 /* libjson-iOS.a in Frameworks */,
				A138814113D0D57B0006461E /* UIKit.framework in Frameworks */,
				A138814313D0D57B0006461E /* Foundation.framework in Frameworks */,
				A138814513D0D57B0006461E /* CoreGraphics.framework in Frameworks */,
			);
			runOnlyForDeploymentPostprocessing = 0;
		};
/* End PBXFrameworksBuildPhase section */

/* Begin PBXGroup section */
		A125E02C156FBECD006EB6FD /* Vendor */ = {
			isa = PBXGroup;
			children = (
				A125E02E156FBF2A006EB6FD /* JSONKit */,
			);
			name = Vendor;
			sourceTree = "<group>";
		};
		A125E02E156FBF2A006EB6FD /* JSONKit */ = {
			isa = PBXGroup;
			children = (
				A125E02F156FBF2A006EB6FD /* CHANGELOG.md */,
				A125E030156FBF2A006EB6FD /* JSONKit.h */,
				A125E031156FBF2A006EB6FD /* JSONKit.m */,
				A125E032156FBF2A006EB6FD /* README.md */,
			);
			name = JSONKit;
			path = Vendor/JSONKit;
			sourceTree = "<group>";
		};
		A138813113D0D57B0006461E = {
			isa = PBXGroup;
			children = (
				A125E02C156FBECD006EB6FD /* Vendor */,
				A18A705A1511F9E000FEB03C /* debug.xcconfig */,
				A18A705B1511F9EE00FEB03C /* release.xcconfig */,
				A167D837146C3CD300C7FAD3 /* utilities */,
				A138816413D0DD680006461E /* Resources */,
				A138814613D0D57B0006461E /* JPBenchApp */,
				A17DD7B6146AE90D000AD974 /* Libraries */,
				A138813F13D0D57B0006461E /* Frameworks */,
				A138813D13D0D57B0006461E /* Products */,
			);
			sourceTree = "<group>";
		};
		A138813D13D0D57B0006461E /* Products */ = {
			isa = PBXGroup;
			children = (
				A138813C13D0D57B0006461E /* JPBenchApp.app */,
			);
			name = Products;
			sourceTree = "<group>";
		};
		A138813F13D0D57B0006461E /* Frameworks */ = {
			isa = PBXGroup;
			children = (
				A138814013D0D57B0006461E /* UIKit.framework */,
				A138814213D0D57B0006461E /* Foundation.framework */,
				A138814413D0D57B0006461E /* CoreGraphics.framework */,
			);
			name = Frameworks;
			sourceTree = "<group>";
		};
		A138814613D0D57B0006461E /* JPBenchApp */ = {
			isa = PBXGroup;
			children = (
				A17DD7B7146AE95B000AD974 /* timer.cpp */,
				A17DD7B8146AE95B000AD974 /* timer.hpp */,
				A1FAF1DB143F225500CD2CCB /* UIDevice-Hardware.h */,
				A1FAF1DC143F225500CD2CCB /* UIDevice-Hardware.m */,
				A138814F13D0D57B0006461E /* JPBenchAppAppDelegate.h */,
				A138815013D0D57B0006461E /* JPBenchAppAppDelegate.m */,
				A138815213D0D57B0006461E /* MainWindow.xib */,
				A138815513D0D57B0006461E /* JPBenchAppViewController.h */,
				A138815613D0D57B0006461E /* JPBenchAppViewController.mm */,
				A138815813D0D57B0006461E /* JPBenchAppViewController.xib */,
				A138814713D0D57B0006461E /* Supporting Files */,
			);
			path = JPBenchApp;
			sourceTree = "<group>";
		};
		A138814713D0D57B0006461E /* Supporting Files */ = {
			isa = PBXGroup;
			children = (
				A138814813D0D57B0006461E /* JPBenchApp-Info.plist */,
				A138814913D0D57B0006461E /* InfoPlist.strings */,
				A138814C13D0D57B0006461E /* JPBenchApp-Prefix.pch */,
				A138814D13D0D57B0006461E /* main.m */,
			);
			name = "Supporting Files";
			sourceTree = "<group>";
		};
		A138816413D0DD680006461E /* Resources */ = {
			isa = PBXGroup;
			children = (
				A18A705C1512292000FEB03C /* Test-UTF8.json */,
				A156BE93146C181400BE6E82 /* Test-UTF8-esc.json */,
				A1AC40231577BAB500AE34CC /* random.json */,
			);
			name = Resources;
			sourceTree = "<group>";
		};
		A167D837146C3CD300C7FAD3 /* utilities */ = {
			isa = PBXGroup;
			children = (
				A167D838146C3CD300C7FAD3 /* timer.cpp */,
				A167D839146C3CD300C7FAD3 /* timer.hpp */,
			);
			name = utilities;
			path = ../../../Source/utilities;
			sourceTree = "<group>";
		};
		A17DD7B6146AE90D000AD974 /* Libraries */ = {
			isa = PBXGroup;
			children = (
				A1B0AE6615B1E9E400E0C685 /* libjson-iOS.a */,
				A1B0AE5E15B1E90500E0C685 /* JPJson iOS Libraries.xcodeproj */,
			);
			name = Libraries;
			sourceTree = "<group>";
		};
/* End PBXGroup section */

/* Begin PBXNativeTarget section */
		A138813B13D0D57B0006461E /* JPBenchApp */ = {
			isa = PBXNativeTarget;
			buildConfigurationList = A138815D13D0D57B0006461E /* Build configuration list for PBXNativeTarget "JPBenchApp" */;
			buildPhases = (
				A138813813D0D57B0006461E /* Sources */,
				A138813913D0D57B0006461E /* Frameworks */,
				A138813A13D0D57B0006461E /* Resources */,
			);
			buildRules = (
			);
			dependencies = (
			);
			name = JPBenchApp;
			productName = JPBenchApp;
			productReference = A138813C13D0D57B0006461E /* JPBenchApp.app */;
			productType = "com.apple.product-type.application";
		};
/* End PBXNativeTarget section */

/* Begin PBXProject section */
		A138813313D0D57B0006461E /* Project object */ = {
			isa = PBXProject;
			attributes = {
				LastUpgradeCheck = 0420;
			};
			buildConfigurationList = A138813613D0D57B0006461E /* Build configuration list for PBXProject "JPBenchApp" */;
			compatibilityVersion = "Xcode 3.2";
			developmentRegion = English;
			hasScannedForEncodings = 0;
			knownRegions = (
				en,
			);
			mainGroup = A138813113D0D57B0006461E;
			productRefGroup = A138813D13D0D57B0006461E /* Products */;
			projectDirPath = "";
			projectRoot = "";
			targets = (
				A138813B13D0D57B0006461E /* JPBenchApp */,
			);
		};
/* End PBXProject section */

/* Begin PBXResourcesBuildPhase section */
		A138813A13D0D57B0006461E /* Resources */ = {
			isa = PBXResourcesBuildPhase;
			buildActionMask = 2147483647;
			files = (
				A138814B13D0D57B0006461E /* InfoPlist.strings in Resources */,
				A138815413D0D57B0006461E /* MainWindow.xib in Resources */,
				A138815A13D0D57B0006461E /* JPBenchAppViewController.xib in Resources */,
				A156BE94146C181400BE6E82 /* Test-UTF8-esc.json in Resources */,
				A18A705D1512292000FEB03C /* Test-UTF8.json in Resources */,
				A1B0AE5F15B1E90500E0C685 /* JPJson iOS Libraries.xcodeproj in Resources */,
			);
			runOnlyForDeploymentPostprocessing = 0;
		};
/* End PBXResourcesBuildPhase section */

/* Begin PBXSourcesBuildPhase section */
		A138813813D0D57B0006461E /* Sources */ = {
			isa = PBXSourcesBuildPhase;
			buildActionMask = 2147483647;
			files = (
				A138814E13D0D57B0006461E /* main.m in Sources */,
				A138815113D0D57B0006461E /* JPBenchAppAppDelegate.m in Sources */,
				A138815713D0D57B0006461E /* JPBenchAppViewController.mm in Sources */,
				A1FAF1DD143F225500CD2CCB /* UIDevice-Hardware.m in Sources */,
				A167D83A146C3CD300C7FAD3 /* timer.cpp in Sources */,
				A125E034156FBF2A006EB6FD /* JSONKit.m in Sources */,
			);
			runOnlyForDeploymentPostprocessing = 0;
		};
/* End PBXSourcesBuildPhase section */

/* Begin PBXVariantGroup section */
		A138814913D0D57B0006461E /* InfoPlist.strings */ = {
			isa = PBXVariantGroup;
			children = (
				A138814A13D0D57B0006461E /* en */,
			);
			name = InfoPlist.strings;
			sourceTree = "<group>";
		};
		A138815213D0D57B0006461E /* MainWindow.xib */ = {
			isa = PBXVariantGroup;
			children = (
				A138815313D0D57B0006461E /* en */,
			);
			name = MainWindow.xib;
			sourceTree = "<group>";
		};
		A138815813D0D57B0006461E /* JPBenchAppViewController.xib */ = {
			isa = PBXVariantGroup;
			children = (
				A138815913D0D57B0006461E /* en */,
			);
			name = JPBenchAppViewController.xib;
			sourceTree = "<group>";
		};
/* End PBXVariantGroup section */

/* Begin XCBuildConfiguration section */
		A138815B13D0D57B0006461E /* Debug */ = {
			isa = XCBuildConfiguration;
			baseConfigurationReference = A18A705A1511F9E000FEB03C /* debug.xcconfig */;
			buildSettings = {
				ARCHS = "$(ARCHS_STANDARD_32_BIT)";
				"CODE_SIGN_IDENTITY[sdk=iphoneos*]" = "iPhone Developer";
				GCC_C_LANGUAGE_STANDARD = gnu99;
				GCC_OPTIMIZATION_LEVEL = 0;
				GCC_SYMBOLS_PRIVATE_EXTERN = NO;
				GCC_WARN_ABOUT_RETURN_TYPE = YES;
				GCC_WARN_UNUSED_VARIABLE = YES;
				IPHONEOS_DEPLOYMENT_TARGET = 4.3;
				SDKROOT = iphoneos5.1;
			};
			name = Debug;
		};
		A138815C13D0D57B0006461E /* Release */ = {
			isa = XCBuildConfiguration;
			baseConfigurationReference = A18A705B1511F9EE00FEB03C /* release.xcconfig */;
			buildSettings = {
				ARCHS = "$(ARCHS_STANDARD_32_BIT)";
				"CODE_SIGN_IDENTITY[sdk=iphoneos*]" = "iPhone Developer";
				GCC_C_LANGUAGE_STANDARD = gnu99;
				GCC_WARN_ABOUT_RETURN_TYPE = YES;
				GCC_WARN_UNUSED_VARIABLE = YES;
				IPHONEOS_DEPLOYMENT_TARGET = 4.3;
				OTHER_CFLAGS = "-DNS_BLOCK_ASSERTIONS=1";
				SDKROOT = iphoneos5.1;
			};
			name = Release;
		};
		A138815E13D0D57B0006461E /* Debug */ = {
			isa = XCBuildConfiguration;
			buildSettings = {
				ALWAYS_SEARCH_USER_PATHS = NO;
				ARCHS = (
					armv6,
					"$(ARCHS_STANDARD_32_BIT)",
				);
				COPY_PHASE_STRIP = NO;
				GCC_DYNAMIC_NO_PIC = NO;
				GCC_PRECOMPILE_PREFIX_HEADER = YES;
				GCC_PREFIX_HEADER = "JPBenchApp/JPBenchApp-Prefix.pch";
				GCC_PREPROCESSOR_DEFINITIONS = "$(PRJ_GCC_PREPROCESSOR_DEFINITIONS)";
				HEADER_SEARCH_PATHS = (
					"$(JP_ROOT)",
					"$(SRCROOT)/Vendor",
				);
				INFOPLIST_FILE = "JPBenchApp/JPBenchApp-Info.plist";
				IPHONEOS_DEPLOYMENT_TARGET = 4.2;
				ONLY_ACTIVE_ARCH = YES;
				OTHER_CFLAGS = "-v";
				OTHER_LDFLAGS = (
					"-lstdc++",
					"-ObjC",
				);
				PRODUCT_NAME = "$(TARGET_NAME)";
				WRAPPER_EXTENSION = app;
			};
			name = Debug;
		};
		A138815F13D0D57B0006461E /* Release */ = {
			isa = XCBuildConfiguration;
			buildSettings = {
				ALWAYS_SEARCH_USER_PATHS = NO;
				ARCHS = (
					armv6,
					"$(ARCHS_STANDARD_32_BIT)",
				);
				COPY_PHASE_STRIP = YES;
				GCC_PRECOMPILE_PREFIX_HEADER = YES;
				GCC_PREFIX_HEADER = "JPBenchApp/JPBenchApp-Prefix.pch";
				GCC_PREPROCESSOR_DEFINITIONS = "$(PRJ_GCC_PREPROCESSOR_DEFINITIONS)";
				HEADER_SEARCH_PATHS = (
					"$(JP_ROOT)",
					"$(SRCROOT)/Vendor",
				);
				INFOPLIST_FILE = "JPBenchApp/JPBenchApp-Info.plist";
				IPHONEOS_DEPLOYMENT_TARGET = 4.2;
				OTHER_CFLAGS = "-v";
				OTHER_LDFLAGS = (
					"-lstdc++",
					"-ObjC",
				);
				PRODUCT_NAME = "$(TARGET_NAME)";
				VALIDATE_PRODUCT = YES;
				WRAPPER_EXTENSION = app;
			};
			name = Release;
		};
/* End XCBuildConfiguration section */

/* Begin XCConfigurationList section */
		A138813613D0D57B0006461E /* Build configuration list for PBXProject "JPBenchApp" */ = {
			isa = XCConfigurationList;
			buildConfigurations = (
				A138815B13D0D57B0006461E /* Debug */,
				A138815C13D0D57B0006461E /* Release */,
			);
			defaultConfigurationIsVisible = 0;
			defaultConfigurationName = Release;
		};
		A138815D13D0D57B0006461E /* Build configuration list for PBXNativeTarget "JPBenchApp" */ = {
			isa = XCConfigurationList;
			buildConfigurations = (
				A138815E13D0D57B0006461E /* Debug */,
				A138815F13D0D57B0006461E /* Release */,
			);
			defaultConfigurationIsVisible = 0;
			defaultConfigurationName = Release;
		};
/* End XCConfigurationList section */
	};
	rootObject = A138813313D0D57B0006461E /* Project object */;
}
