// !$*UTF8*$!
{
	archiveVersion = 1;
	classes = {
	};
	objectVersion = 46;
	objects = {

/* Begin PBXBuildFile section */
		29612A601A17773F0082BD02 /* libjson-iOS.a in Frameworks */ = {isa = PBXBuildFile; fileRef = 29612A5F1A17773F0082BD02 /* libjson-iOS.a */; };
		615472586DB0C225710CBE13 /* SampleSemanticAction.m in Sources */ = {isa = PBXBuildFile; fileRef = 61547331AB90D54C9E564B00 /* SampleSemanticAction.m */; };
		615473CA8638A6455A5ECE26 /* Images.xcassets in Resources */ = {isa = PBXBuildFile; fileRef = 6154742E18837F9AC2D52B17 /* Images.xcassets */; };
		615474E8076EE77764BBF46B /* Main.storyboard in Resources */ = {isa = PBXBuildFile; fileRef = 61547C30DCA4E5C65B0BC3B0 /* Main.storyboard */; };
		6154751DE7CB55FF91C5FE89 /* ViewControllerJSON.m in Sources */ = {isa = PBXBuildFile; fileRef = 61547C821099AC9EFCBB8F22 /* ViewControllerJSON.m */; };
		6154778F5DC88D28AD0F3CF4 /* TickTock.m in Sources */ = {isa = PBXBuildFile; fileRef = 61547D4F8E3E7F539F439F97 /* TickTock.m */; };
		615477C541567F2359A9E059 /* main.m in Sources */ = {isa = PBXBuildFile; fileRef = 61547D0AD755DC1780FA7614 /* main.m */; };
		61547809C82CC5AB03D5820F /* LaunchScreen.xib in Resources */ = {isa = PBXBuildFile; fileRef = 615474C7114A688255F857BA /* LaunchScreen.xib */; };
		61547D6EA4C598BDC962EC5A /* AppDelegate.m in Sources */ = {isa = PBXBuildFile; fileRef = 615477101C546FAB13EA292F /* AppDelegate.m */; };
/* End PBXBuildFile section */

/* Begin PBXFileReference section */
		29612A5F1A17773F0082BD02 /* libjson-iOS.a */ = {isa = PBXFileReference; lastKnownFileType = archive.ar; name = "libjson-iOS.a"; path = "../JPJson/Libraries/iOS Libraries/build/Debug-iphoneos/libjson-iOS.a"; sourceTree = "<group>"; };
		6154727EE291713EE9273AFD /* Base */ = {isa = PBXFileReference; lastKnownFileType = file.xib; name = Base; path = Base.lproj/LaunchScreen.xib; sourceTree = "<group>"; };
		615472843F433428A2171F4D /* Base */ = {isa = PBXFileReference; lastKnownFileType = file.storyboard; name = Base; path = Base.lproj/Main.storyboard; sourceTree = "<group>"; };
		61547331AB90D54C9E564B00 /* SampleSemanticAction.m */ = {isa = PBXFileReference; fileEncoding = 4; lastKnownFileType = sourcecode.c.objc; path = SampleSemanticAction.m; sourceTree = "<group>"; };
		6154733B410D932A3541F123 /* ViewControllerJSON.h */ = {isa = PBXFileReference; fileEncoding = 4; lastKnownFileType = sourcecode.c.h; path = ViewControllerJSON.h; sourceTree = "<group>"; };
		61547412387D83E9D11A3C3C /* TickTock.h */ = {isa = PBXFileReference; fileEncoding = 4; lastKnownFileType = sourcecode.c.h; path = TickTock.h; sourceTree = "<group>"; };
		6154742E18837F9AC2D52B17 /* Images.xcassets */ = {isa = PBXFileReference; lastKnownFileType = folder.assetcatalog; path = Images.xcassets; sourceTree = "<group>"; };
		615477101C546FAB13EA292F /* AppDelegate.m */ = {isa = PBXFileReference; fileEncoding = 4; lastKnownFileType = sourcecode.c.objc; path = AppDelegate.m; sourceTree = "<group>"; };
		615477918BB0FCFB62D14E8B /* AppDelegate.h */ = {isa = PBXFileReference; fileEncoding = 4; lastKnownFileType = sourcecode.c.h; path = AppDelegate.h; sourceTree = "<group>"; };
		61547859220880C63D5DD2AA /* PrefixHeader.pch */ = {isa = PBXFileReference; fileEncoding = 4; lastKnownFileType = sourcecode.c.h; path = PrefixHeader.pch; sourceTree = "<group>"; };
		61547889D2E4642B41385B91 /* Info.plist */ = {isa = PBXFileReference; fileEncoding = 4; lastKnownFileType = text.plist.info; path = Info.plist; sourceTree = "<group>"; };
		61547A853B1FB88E1338C5DA /* SampleSemanticAction.h */ = {isa = PBXFileReference; fileEncoding = 4; lastKnownFileType = sourcecode.c.h; path = SampleSemanticAction.h; sourceTree = "<group>"; };
		61547C821099AC9EFCBB8F22 /* ViewControllerJSON.m */ = {isa = PBXFileReference; fileEncoding = 4; lastKnownFileType = sourcecode.c.objc; path = ViewControllerJSON.m; sourceTree = "<group>"; };
		61547D0AD755DC1780FA7614 /* main.m */ = {isa = PBXFileReference; fileEncoding = 4; lastKnownFileType = sourcecode.c.objc; path = main.m; sourceTree = "<group>"; };
		61547D4F8E3E7F539F439F97 /* TickTock.m */ = {isa = PBXFileReference; fileEncoding = 4; lastKnownFileType = sourcecode.c.objc; path = TickTock.m; sourceTree = "<group>"; };
		61547D95546B4F37F7776E06 /* Helper.h */ = {isa = PBXFileReference; fileEncoding = 4; lastKnownFileType = sourcecode.c.h; path = Helper.h; sourceTree = "<group>"; };
		61547FDFDBD65157554AC630 /* Leak-Sample.app */ = {isa = PBXFileReference; explicitFileType = wrapper.application; includeInIndex = 0; path = "Leak-Sample.app"; sourceTree = BUILT_PRODUCTS_DIR; };
/* End PBXFileReference section */

/* Begin PBXFrameworksBuildPhase section */
		6154747E697BE1237CE1B32B /* Frameworks */ = {
			isa = PBXFrameworksBuildPhase;
			buildActionMask = 2147483647;
			files = (
				29612A601A17773F0082BD02 /* libjson-iOS.a in Frameworks */,
			);
			runOnlyForDeploymentPostprocessing = 0;
		};
/* End PBXFrameworksBuildPhase section */

/* Begin PBXGroup section */
		6154714083A128453AFEE931 /* Leak-Sample */ = {
			isa = PBXGroup;
			children = (
				61547BDBBFFB434A55CFDBFB /* Supporting Files */,
				6154742E18837F9AC2D52B17 /* Images.xcassets */,
				615474C7114A688255F857BA /* LaunchScreen.xib */,
				615477918BB0FCFB62D14E8B /* AppDelegate.h */,
				615477101C546FAB13EA292F /* AppDelegate.m */,
				61547C30DCA4E5C65B0BC3B0 /* Main.storyboard */,
				61547C2108DA1C197479D180 /* JPJSON Samples */,
			);
			path = "Leak-Sample";
			sourceTree = "<group>";
		};
		61547277CE70710583A34EFF /* Products */ = {
			isa = PBXGroup;
			children = (
				61547FDFDBD65157554AC630 /* Leak-Sample.app */,
			);
			name = Products;
			sourceTree = "<group>";
		};
		61547BDBBFFB434A55CFDBFB /* Supporting Files */ = {
			isa = PBXGroup;
			children = (
				61547889D2E4642B41385B91 /* Info.plist */,
				61547D0AD755DC1780FA7614 /* main.m */,
				61547412387D83E9D11A3C3C /* TickTock.h */,
				61547D4F8E3E7F539F439F97 /* TickTock.m */,
				61547D95546B4F37F7776E06 /* Helper.h */,
				61547859220880C63D5DD2AA /* PrefixHeader.pch */,
			);
			name = "Supporting Files";
			sourceTree = "<group>";
		};
		61547C2108DA1C197479D180 /* JPJSON Samples */ = {
			isa = PBXGroup;
			children = (
				6154733B410D932A3541F123 /* ViewControllerJSON.h */,
				61547C821099AC9EFCBB8F22 /* ViewControllerJSON.m */,
				61547A853B1FB88E1338C5DA /* SampleSemanticAction.h */,
				61547331AB90D54C9E564B00 /* SampleSemanticAction.m */,
			);
			path = "JPJSON Samples";
			sourceTree = "<group>";
		};
		61547E358DEFC8314FC11E97 = {
			isa = PBXGroup;
			children = (
				29612A5F1A17773F0082BD02 /* libjson-iOS.a */,
				61547277CE70710583A34EFF /* Products */,
				6154714083A128453AFEE931 /* Leak-Sample */,
			);
			sourceTree = "<group>";
		};
/* End PBXGroup section */

/* Begin PBXNativeTarget section */
		615476FCC0611ED077DE0FB8 /* Leak-Sample */ = {
			isa = PBXNativeTarget;
			buildConfigurationList = 61547DBC4832823AD1E47968 /* Build configuration list for PBXNativeTarget "Leak-Sample" */;
			buildPhases = (
				61547E0DB67ADC3474B93EE6 /* Sources */,
				6154747E697BE1237CE1B32B /* Frameworks */,
				6154752FE1A97D8EBD339993 /* Resources */,
			);
			buildRules = (
			);
			dependencies = (
			);
			name = "Leak-Sample";
			productName = "Leak-Sample";
			productReference = 61547FDFDBD65157554AC630 /* Leak-Sample.app */;
			productType = "com.apple.product-type.application";
		};
/* End PBXNativeTarget section */

/* Begin PBXProject section */
		61547FE199B8282924895202 /* Project object */ = {
			isa = PBXProject;
			attributes = {
				ORGANIZATIONNAME = Home;
			};
			buildConfigurationList = 615471ED2195D95EF3297D6C /* Build configuration list for PBXProject "Leak-Sample" */;
			compatibilityVersion = "Xcode 3.2";
			developmentRegion = English;
			hasScannedForEncodings = 0;
			knownRegions = (
				en,
			);
			mainGroup = 61547E358DEFC8314FC11E97;
			productRefGroup = 61547277CE70710583A34EFF /* Products */;
			projectDirPath = "";
			projectRoot = "";
			targets = (
				615476FCC0611ED077DE0FB8 /* Leak-Sample */,
			);
		};
/* End PBXProject section */

/* Begin PBXResourcesBuildPhase section */
		6154752FE1A97D8EBD339993 /* Resources */ = {
			isa = PBXResourcesBuildPhase;
			buildActionMask = 2147483647;
			files = (
				615473CA8638A6455A5ECE26 /* Images.xcassets in Resources */,
				61547809C82CC5AB03D5820F /* LaunchScreen.xib in Resources */,
				615474E8076EE77764BBF46B /* Main.storyboard in Resources */,
			);
			runOnlyForDeploymentPostprocessing = 0;
		};
/* End PBXResourcesBuildPhase section */

/* Begin PBXSourcesBuildPhase section */
		61547E0DB67ADC3474B93EE6 /* Sources */ = {
			isa = PBXSourcesBuildPhase;
			buildActionMask = 2147483647;
			files = (
				615477C541567F2359A9E059 /* main.m in Sources */,
				61547D6EA4C598BDC962EC5A /* AppDelegate.m in Sources */,
				6154751DE7CB55FF91C5FE89 /* ViewControllerJSON.m in Sources */,
				615472586DB0C225710CBE13 /* SampleSemanticAction.m in Sources */,
				6154778F5DC88D28AD0F3CF4 /* TickTock.m in Sources */,
			);
			runOnlyForDeploymentPostprocessing = 0;
		};
/* End PBXSourcesBuildPhase section */

/* Begin PBXVariantGroup section */
		615474C7114A688255F857BA /* LaunchScreen.xib */ = {
			isa = PBXVariantGroup;
			children = (
				6154727EE291713EE9273AFD /* Base */,
			);
			name = LaunchScreen.xib;
			sourceTree = "<group>";
		};
		61547C30DCA4E5C65B0BC3B0 /* Main.storyboard */ = {
			isa = PBXVariantGroup;
			children = (
				615472843F433428A2171F4D /* Base */,
			);
			name = Main.storyboard;
			sourceTree = "<group>";
		};
/* End PBXVariantGroup section */

/* Begin XCBuildConfiguration section */
		6154713D9971B49EA05CAAF1 /* Debug */ = {
			isa = XCBuildConfiguration;
			buildSettings = {
				ASSETCATALOG_COMPILER_APPICON_NAME = AppIcon;
				GCC_PREFIX_HEADER = "Leak-Sample/PrefixHeader.pch";
				INFOPLIST_FILE = "Leak-Sample/Info.plist";
				LD_RUNPATH_SEARCH_PATHS = "$(inherited) @executable_path/Frameworks";
				LIBRARY_SEARCH_PATHS = (
					"$(inherited)",
					/Users/kirow/Desktop/GitHub,
					Repo/JPJson/Libraries/iOS,
					"Libraries/build/Debug-iphoneos",
				);
				OTHER_LDFLAGS = (
					"-ObjC",
					"-lc++",
				);
				PRODUCT_NAME = "$(TARGET_NAME)";
				USER_HEADER_SEARCH_PATHS = "\"${PROJECT_DIR}/../JPJson/Source/json/ObjC/\"";
			};
			name = Debug;
		};
		6154753E01D4D41DFB92EB20 /* Release */ = {
			isa = XCBuildConfiguration;
			buildSettings = {
				ASSETCATALOG_COMPILER_APPICON_NAME = AppIcon;
				GCC_PREFIX_HEADER = "Leak-Sample/PrefixHeader.pch";
				INFOPLIST_FILE = "Leak-Sample/Info.plist";
				LD_RUNPATH_SEARCH_PATHS = "$(inherited) @executable_path/Frameworks";
				LIBRARY_SEARCH_PATHS = (
					"$(inherited)",
					/Users/kirow/Desktop/GitHub,
					Repo/JPJson/Libraries/iOS,
					"Libraries/build/Debug-iphoneos",
				);
				OTHER_LDFLAGS = (
					"-ObjC",
					"-lc++",
				);
				PRODUCT_NAME = "$(TARGET_NAME)";
				USER_HEADER_SEARCH_PATHS = "\"${PROJECT_DIR}/../JPJson/Source/json/ObjC/\"";
			};
			name = Release;
		};
		6154755832BF7721B94F4F63 /* Debug */ = {
			isa = XCBuildConfiguration;
			buildSettings = {
				ALWAYS_SEARCH_USER_PATHS = NO;
				CLANG_CXX_LANGUAGE_STANDARD = "gnu++0x";
				CLANG_CXX_LIBRARY = "libc++";
				CLANG_ENABLE_MODULES = YES;
				CLANG_ENABLE_OBJC_ARC = YES;
				CLANG_WARN_BOOL_CONVERSION = YES;
				CLANG_WARN_CONSTANT_CONVERSION = YES;
				CLANG_WARN_DIRECT_OBJC_ISA_USAGE = YES_ERROR;
				CLANG_WARN_EMPTY_BODY = YES;
				CLANG_WARN_ENUM_CONVERSION = YES;
				CLANG_WARN_INT_CONVERSION = YES;
				CLANG_WARN_OBJC_ROOT_CLASS = YES_ERROR;
				CLANG_WARN_UNREACHABLE_CODE = YES;
				CLANG_WARN__DUPLICATE_METHOD_MATCH = YES;
				"CODE_SIGN_IDENTITY[sdk=iphoneos*]" = "iPhone Developer";
				COPY_PHASE_STRIP = NO;
				ENABLE_STRICT_OBJC_MSGSEND = YES;
				GCC_C_LANGUAGE_STANDARD = gnu99;
				GCC_DYNAMIC_NO_PIC = NO;
				GCC_OPTIMIZATION_LEVEL = 0;
				GCC_PREPROCESSOR_DEFINITIONS = (
					"DEBUG=1",
					"$(inherited)",
				);
				GCC_SYMBOLS_PRIVATE_EXTERN = NO;
				GCC_WARN_64_TO_32_BIT_CONVERSION = YES;
				GCC_WARN_ABOUT_RETURN_TYPE = YES_ERROR;
				GCC_WARN_UNDECLARED_SELECTOR = YES;
				GCC_WARN_UNINITIALIZED_AUTOS = YES_AGGRESSIVE;
				GCC_WARN_UNUSED_FUNCTION = YES;
				GCC_WARN_UNUSED_VARIABLE = YES;
				IPHONEOS_DEPLOYMENT_TARGET = 8.1;
				MTL_ENABLE_DEBUG_INFO = YES;
				ONLY_ACTIVE_ARCH = YES;
				SDKROOT = iphoneos;
			};
			name = Debug;
		};
		61547952FC91A9B85B54D858 /* Release */ = {
			isa = XCBuildConfiguration;
			buildSettings = {
				ALWAYS_SEARCH_USER_PATHS = NO;
				CLANG_CXX_LANGUAGE_STANDARD = "gnu++0x";
				CLANG_CXX_LIBRARY = "libc++";
				CLANG_ENABLE_MODULES = YES;
				CLANG_ENABLE_OBJC_ARC = YES;
				CLANG_WARN_BOOL_CONVERSION = YES;
				CLANG_WARN_CONSTANT_CONVERSION = YES;
				CLANG_WARN_DIRECT_OBJC_ISA_USAGE = YES_ERROR;
				CLANG_WARN_EMPTY_BODY = YES;
				CLANG_WARN_ENUM_CONVERSION = YES;
				CLANG_WARN_INT_CONVERSION = YES;
				CLANG_WARN_OBJC_ROOT_CLASS = YES_ERROR;
				CLANG_WARN_UNREACHABLE_CODE = YES;
				CLANG_WARN__DUPLICATE_METHOD_MATCH = YES;
				"CODE_SIGN_IDENTITY[sdk=iphoneos*]" = "iPhone Developer";
				COPY_PHASE_STRIP = YES;
				ENABLE_NS_ASSERTIONS = NO;
				ENABLE_STRICT_OBJC_MSGSEND = YES;
				GCC_C_LANGUAGE_STANDARD = gnu99;
				GCC_WARN_64_TO_32_BIT_CONVERSION = YES;
				GCC_WARN_ABOUT_RETURN_TYPE = YES_ERROR;
				GCC_WARN_UNDECLARED_SELECTOR = YES;
				GCC_WARN_UNINITIALIZED_AUTOS = YES_AGGRESSIVE;
				GCC_WARN_UNUSED_FUNCTION = YES;
				GCC_WARN_UNUSED_VARIABLE = YES;
				IPHONEOS_DEPLOYMENT_TARGET = 8.1;
				MTL_ENABLE_DEBUG_INFO = NO;
				SDKROOT = iphoneos;
				VALIDATE_PRODUCT = YES;
			};
			name = Release;
		};
/* End XCBuildConfiguration section */

/* Begin XCConfigurationList section */
		615471ED2195D95EF3297D6C /* Build configuration list for PBXProject "Leak-Sample" */ = {
			isa = XCConfigurationList;
			buildConfigurations = (
				6154755832BF7721B94F4F63 /* Debug */,
				61547952FC91A9B85B54D858 /* Release */,
			);
			defaultConfigurationIsVisible = 0;
			defaultConfigurationName = Release;
		};
		61547DBC4832823AD1E47968 /* Build configuration list for PBXNativeTarget "Leak-Sample" */ = {
			isa = XCConfigurationList;
			buildConfigurations = (
				6154713D9971B49EA05CAAF1 /* Debug */,
				6154753E01D4D41DFB92EB20 /* Release */,
			);
			defaultConfigurationIsVisible = 0;
			defaultConfigurationName = Release;
		};
/* End XCConfigurationList section */
	};
	rootObject = 61547FE199B8282924895202 /* Project object */;
}
